// !$*UTF8*$!
{
	archiveVersion = 1;
	classes = {
	};
	objectVersion = 50;
	objects = {

/* Begin PBXBuildFile section */
		E304C3E82546FE0C002F45CB /* AppDelegate.m in Sources */ = {isa = PBXBuildFile; fileRef = E304C3E72546FE0C002F45CB /* AppDelegate.m */; };
		E304C3EB2546FE0C002F45CB /* SceneDelegate.m in Sources */ = {isa = PBXBuildFile; fileRef = E304C3EA2546FE0C002F45CB /* SceneDelegate.m */; };
		E304C3EE2546FE0C002F45CB /* ViewController.m in Sources */ = {isa = PBXBuildFile; fileRef = E304C3ED2546FE0C002F45CB /* ViewController.m */; };
		E304C3F12546FE0C002F45CB /* Main.storyboard in Resources */ = {isa = PBXBuildFile; fileRef = E304C3EF2546FE0C002F45CB /* Main.storyboard */; };
		E304C3F32546FE0E002F45CB /* Assets.xcassets in Resources */ = {isa = PBXBuildFile; fileRef = E304C3F22546FE0E002F45CB /* Assets.xcassets */; };
		E304C3F62546FE0F002F45CB /* LaunchScreen.storyboard in Resources */ = {isa = PBXBuildFile; fileRef = E304C3F42546FE0F002F45CB /* LaunchScreen.storyboard */; };
		E304C3F92546FE0F002F45CB /* main.m in Sources */ = {isa = PBXBuildFile; fileRef = E304C3F82546FE0F002F45CB /* main.m */; };
		E304C4032546FE0F002F45CB /* oc_____Tests.m in Sources */ = {isa = PBXBuildFile; fileRef = E304C4022546FE0F002F45CB /* oc_____Tests.m */; };
		E304C40E2546FE0F002F45CB /* oc_____UITests.m in Sources */ = {isa = PBXBuildFile; fileRef = E304C40D2546FE0F002F45CB /* oc_____UITests.m */; };
/* End PBXBuildFile section */

/* Begin PBXContainerItemProxy section */
		E304C3FF2546FE0F002F45CB /* PBXContainerItemProxy */ = {
			isa = PBXContainerItemProxy;
			containerPortal = E304C3DB2546FE0C002F45CB /* Project object */;
			proxyType = 1;
			remoteGlobalIDString = E304C3E22546FE0C002F45CB;
			remoteInfo = "oc-数据类型";
		};
		E304C40A2546FE0F002F45CB /* PBXContainerItemProxy */ = {
			isa = PBXContainerItemProxy;
			containerPortal = E304C3DB2546FE0C002F45CB /* Project object */;
			proxyType = 1;
			remoteGlobalIDString = E304C3E22546FE0C002F45CB;
			remoteInfo = "oc-数据类型";
		};
/* End PBXContainerItemProxy section */

/* Begin PBXFileReference section */
		E304C3E32546FE0C002F45CB /* oc-数据类型.app */ = {isa = PBXFileReference; explicitFileType = wrapper.application; includeInIndex = 0; path = "oc-数据类型.app"; sourceTree = BUILT_PRODUCTS_DIR; };
		E304C3E62546FE0C002F45CB /* AppDelegate.h */ = {isa = PBXFileReference; lastKnownFileType = sourcecode.c.h; path = AppDelegate.h; sourceTree = "<group>"; };
		E304C3E72546FE0C002F45CB /* AppDelegate.m */ = {isa = PBXFileReference; lastKnownFileType = sourcecode.c.objc; path = AppDelegate.m; sourceTree = "<group>"; };
		E304C3E92546FE0C002F45CB /* SceneDelegate.h */ = {isa = PBXFileReference; lastKnownFileType = sourcecode.c.h; path = SceneDelegate.h; sourceTree = "<group>"; };
		E304C3EA2546FE0C002F45CB /* SceneDelegate.m */ = {isa = PBXFileReference; lastKnownFileType = sourcecode.c.objc; path = SceneDelegate.m; sourceTree = "<group>"; };
		E304C3EC2546FE0C002F45CB /* ViewController.h */ = {isa = PBXFileReference; lastKnownFileType = sourcecode.c.h; path = ViewController.h; sourceTree = "<group>"; };
		E304C3ED2546FE0C002F45CB /* ViewController.m */ = {isa = PBXFileReference; lastKnownFileType = sourcecode.c.objc; path = ViewController.m; sourceTree = "<group>"; };
		E304C3F02546FE0C002F45CB /* Base */ = {isa = PBXFileReference; lastKnownFileType = file.storyboard; name = Base; path = Base.lproj/Main.storyboard; sourceTree = "<group>"; };
		E304C3F22546FE0E002F45CB /* Assets.xcassets */ = {isa = PBXFileReference; lastKnownFileType = folder.assetcatalog; path = Assets.xcassets; sourceTree = "<group>"; };
		E304C3F52546FE0F002F45CB /* Base */ = {isa = PBXFileReference; lastKnownFileType = file.storyboard; name = Base; path = Base.lproj/LaunchScreen.storyboard; sourceTree = "<group>"; };
		E304C3F72546FE0F002F45CB /* Info.plist */ = {isa = PBXFileReference; lastKnownFileType = text.plist.xml; path = Info.plist; sourceTree = "<group>"; };
		E304C3F82546FE0F002F45CB /* main.m */ = {isa = PBXFileReference; lastKnownFileType = sourcecode.c.objc; path = main.m; sourceTree = "<group>"; };
		E304C3FE2546FE0F002F45CB /* oc-数据类型Tests.xctest */ = {isa = PBXFileReference; explicitFileType = wrapper.cfbundle; includeInIndex = 0; path = "oc-数据类型Tests.xctest"; sourceTree = BUILT_PRODUCTS_DIR; };
		E304C4022546FE0F002F45CB /* oc_____Tests.m */ = {isa = PBXFileReference; lastKnownFileType = sourcecode.c.objc; path = "oc_____Tests.m"; sourceTree = "<group>"; };
		E304C4042546FE0F002F45CB /* Info.plist */ = {isa = PBXFileReference; lastKnownFileType = text.plist.xml; path = Info.plist; sourceTree = "<group>"; };
		E304C4092546FE0F002F45CB /* oc-数据类型UITests.xctest */ = {isa = PBXFileReference; explicitFileType = wrapper.cfbundle; includeInIndex = 0; path = "oc-数据类型UITests.xctest"; sourceTree = BUILT_PRODUCTS_DIR; };
		E304C40D2546FE0F002F45CB /* oc_____UITests.m */ = {isa = PBXFileReference; lastKnownFileType = sourcecode.c.objc; path = "oc_____UITests.m"; sourceTree = "<group>"; };
		E304C40F2546FE0F002F45CB /* Info.plist */ = {isa = PBXFileReference; lastKnownFileType = text.plist.xml; path = Info.plist; sourceTree = "<group>"; };
/* End PBXFileReference section */

/* Begin PBXFrameworksBuildPhase section */
		E304C3E02546FE0C002F45CB /* Frameworks */ = {
			isa = PBXFrameworksBuildPhase;
			buildActionMask = 2147483647;
			files = (
			);
			runOnlyForDeploymentPostprocessing = 0;
		};
		E304C3FB2546FE0F002F45CB /* Frameworks */ = {
			isa = PBXFrameworksBuildPhase;
			buildActionMask = 2147483647;
			files = (
			);
			runOnlyForDeploymentPostprocessing = 0;
		};
		E304C4062546FE0F002F45CB /* Frameworks */ = {
			isa = PBXFrameworksBuildPhase;
			buildActionMask = 2147483647;
			files = (
			);
			runOnlyForDeploymentPostprocessing = 0;
		};
/* End PBXFrameworksBuildPhase section */

/* Begin PBXGroup section */
		E304C3DA2546FE0C002F45CB = {
			isa = PBXGroup;
			children = (
				E304C3E52546FE0C002F45CB /* oc-数据类型 */,
				E304C4012546FE0F002F45CB /* oc-数据类型Tests */,
				E304C40C2546FE0F002F45CB /* oc-数据类型UITests */,
				E304C3E42546FE0C002F45CB /* Products */,
			);
			sourceTree = "<group>";
		};
		E304C3E42546FE0C002F45CB /* Products */ = {
			isa = PBXGroup;
			children = (
				E304C3E32546FE0C002F45CB /* oc-数据类型.app */,
				E304C3FE2546FE0F002F45CB /* oc-数据类型Tests.xctest */,
				E304C4092546FE0F002F45CB /* oc-数据类型UITests.xctest */,
			);
			name = Products;
			sourceTree = "<group>";
		};
		E304C3E52546FE0C002F45CB /* oc-数据类型 */ = {
			isa = PBXGroup;
			children = (
				E304C3E62546FE0C002F45CB /* AppDelegate.h */,
				E304C3E72546FE0C002F45CB /* AppDelegate.m */,
				E304C3E92546FE0C002F45CB /* SceneDelegate.h */,
				E304C3EA2546FE0C002F45CB /* SceneDelegate.m */,
				E304C3EC2546FE0C002F45CB /* ViewController.h */,
				E304C3ED2546FE0C002F45CB /* ViewController.m */,
				E304C3EF2546FE0C002F45CB /* Main.storyboard */,
				E304C3F22546FE0E002F45CB /* Assets.xcassets */,
				E304C3F42546FE0F002F45CB /* LaunchScreen.storyboard */,
				E304C3F72546FE0F002F45CB /* Info.plist */,
				E304C3F82546FE0F002F45CB /* main.m */,
			);
			path = "oc-数据类型";
			sourceTree = "<group>";
		};
		E304C4012546FE0F002F45CB /* oc-数据类型Tests */ = {
			isa = PBXGroup;
			children = (
				E304C4022546FE0F002F45CB /* oc_____Tests.m */,
				E304C4042546FE0F002F45CB /* Info.plist */,
			);
			path = "oc-数据类型Tests";
			sourceTree = "<group>";
		};
		E304C40C2546FE0F002F45CB /* oc-数据类型UITests */ = {
			isa = PBXGroup;
			children = (
				E304C40D2546FE0F002F45CB /* oc_____UITests.m */,
				E304C40F2546FE0F002F45CB /* Info.plist */,
			);
			path = "oc-数据类型UITests";
			sourceTree = "<group>";
		};
/* End PBXGroup section */

/* Begin PBXNativeTarget section */
		E304C3E22546FE0C002F45CB /* oc-数据类型 */ = {
			isa = PBXNativeTarget;
			buildConfigurationList = E304C4122546FE0F002F45CB /* Build configuration list for PBXNativeTarget "oc-数据类型" */;
			buildPhases = (
				E304C3DF2546FE0C002F45CB /* Sources */,
				E304C3E02546FE0C002F45CB /* Frameworks */,
				E304C3E12546FE0C002F45CB /* Resources */,
			);
			buildRules = (
			);
			dependencies = (
			);
			name = "oc-数据类型";
			productName = "oc-数据类型";
			productReference = E304C3E32546FE0C002F45CB /* oc-数据类型.app */;
			productType = "com.apple.product-type.application";
		};
		E304C3FD2546FE0F002F45CB /* oc-数据类型Tests */ = {
			isa = PBXNativeTarget;
			buildConfigurationList = E304C4152546FE0F002F45CB /* Build configuration list for PBXNativeTarget "oc-数据类型Tests" */;
			buildPhases = (
				E304C3FA2546FE0F002F45CB /* Sources */,
				E304C3FB2546FE0F002F45CB /* Frameworks */,
				E304C3FC2546FE0F002F45CB /* Resources */,
			);
			buildRules = (
			);
			dependencies = (
				E304C4002546FE0F002F45CB /* PBXTargetDependency */,
			);
			name = "oc-数据类型Tests";
			productName = "oc-数据类型Tests";
			productReference = E304C3FE2546FE0F002F45CB /* oc-数据类型Tests.xctest */;
			productType = "com.apple.product-type.bundle.unit-test";
		};
		E304C4082546FE0F002F45CB /* oc-数据类型UITests */ = {
			isa = PBXNativeTarget;
			buildConfigurationList = E304C4182546FE0F002F45CB /* Build configuration list for PBXNativeTarget "oc-数据类型UITests" */;
			buildPhases = (
				E304C4052546FE0F002F45CB /* Sources */,
				E304C4062546FE0F002F45CB /* Frameworks */,
				E304C4072546FE0F002F45CB /* Resources */,
			);
			buildRules = (
			);
			dependencies = (
				E304C40B2546FE0F002F45CB /* PBXTargetDependency */,
			);
			name = "oc-数据类型UITests";
			productName = "oc-数据类型UITests";
			productReference = E304C4092546FE0F002F45CB /* oc-数据类型UITests.xctest */;
			productType = "com.apple.product-type.bundle.ui-testing";
		};
/* End PBXNativeTarget section */

/* Begin PBXProject section */
		E304C3DB2546FE0C002F45CB /* Project object */ = {
			isa = PBXProject;
			attributes = {
				LastUpgradeCheck = 1150;
				ORGANIZATIONNAME = edz;
				TargetAttributes = {
					E304C3E22546FE0C002F45CB = {
						CreatedOnToolsVersion = 11.5;
					};
					E304C3FD2546FE0F002F45CB = {
						CreatedOnToolsVersion = 11.5;
						TestTargetID = E304C3E22546FE0C002F45CB;
					};
					E304C4082546FE0F002F45CB = {
						CreatedOnToolsVersion = 11.5;
						TestTargetID = E304C3E22546FE0C002F45CB;
					};
				};
			};
			buildConfigurationList = E304C3DE2546FE0C002F45CB /* Build configuration list for PBXProject "oc-数据类型" */;
			compatibilityVersion = "Xcode 9.3";
			developmentRegion = en;
			hasScannedForEncodings = 0;
			knownRegions = (
				en,
				Base,
			);
			mainGroup = E304C3DA2546FE0C002F45CB;
			productRefGroup = E304C3E42546FE0C002F45CB /* Products */;
			projectDirPath = "";
			projectRoot = "";
			targets = (
				E304C3E22546FE0C002F45CB /* oc-数据类型 */,
				E304C3FD2546FE0F002F45CB /* oc-数据类型Tests */,
				E304C4082546FE0F002F45CB /* oc-数据类型UITests */,
			);
		};
/* End PBXProject section */

/* Begin PBXResourcesBuildPhase section */
		E304C3E12546FE0C002F45CB /* Resources */ = {
			isa = PBXResourcesBuildPhase;
			buildActionMask = 2147483647;
			files = (
				E304C3F62546FE0F002F45CB /* LaunchScreen.storyboard in Resources */,
				E304C3F32546FE0E002F45CB /* Assets.xcassets in Resources */,
				E304C3F12546FE0C002F45CB /* Main.storyboard in Resources */,
			);
			runOnlyForDeploymentPostprocessing = 0;
		};
		E304C3FC2546FE0F002F45CB /* Resources */ = {
			isa = PBXResourcesBuildPhase;
			buildActionMask = 2147483647;
			files = (
			);
			runOnlyForDeploymentPostprocessing = 0;
		};
		E304C4072546FE0F002F45CB /* Resources */ = {
			isa = PBXResourcesBuildPhase;
			buildActionMask = 2147483647;
			files = (
			);
			runOnlyForDeploymentPostprocessing = 0;
		};
/* End PBXResourcesBuildPhase section */

/* Begin PBXSourcesBuildPhase section */
		E304C3DF2546FE0C002F45CB /* Sources */ = {
			isa = PBXSourcesBuildPhase;
			buildActionMask = 2147483647;
			files = (
				E304C3EE2546FE0C002F45CB /* ViewController.m in Sources */,
				E304C3E82546FE0C002F45CB /* AppDelegate.m in Sources */,
				E304C3F92546FE0F002F45CB /* main.m in Sources */,
				E304C3EB2546FE0C002F45CB /* SceneDelegate.m in Sources */,
			);
			runOnlyForDeploymentPostprocessing = 0;
		};
		E304C3FA2546FE0F002F45CB /* Sources */ = {
			isa = PBXSourcesBuildPhase;
			buildActionMask = 2147483647;
			files = (
				E304C4032546FE0F002F45CB /* oc_____Tests.m in Sources */,
			);
			runOnlyForDeploymentPostprocessing = 0;
		};
		E304C4052546FE0F002F45CB /* Sources */ = {
			isa = PBXSourcesBuildPhase;
			buildActionMask = 2147483647;
			files = (
				E304C40E2546FE0F002F45CB /* oc_____UITests.m in Sources */,
			);
			runOnlyForDeploymentPostprocessing = 0;
		};
/* End PBXSourcesBuildPhase section */

/* Begin PBXTargetDependency section */
		E304C4002546FE0F002F45CB /* PBXTargetDependency */ = {
			isa = PBXTargetDependency;
			target = E304C3E22546FE0C002F45CB /* oc-数据类型 */;
			targetProxy = E304C3FF2546FE0F002F45CB /* PBXContainerItemProxy */;
		};
		E304C40B2546FE0F002F45CB /* PBXTargetDependency */ = {
			isa = PBXTargetDependency;
			target = E304C3E22546FE0C002F45CB /* oc-数据类型 */;
			targetProxy = E304C40A2546FE0F002F45CB /* PBXContainerItemProxy */;
		};
/* End PBXTargetDependency section */

/* Begin PBXVariantGroup section */
		E304C3EF2546FE0C002F45CB /* Main.storyboard */ = {
			isa = PBXVariantGroup;
			children = (
				E304C3F02546FE0C002F45CB /* Base */,
			);
			name = Main.storyboard;
			sourceTree = "<group>";
		};
		E304C3F42546FE0F002F45CB /* LaunchScreen.storyboard */ = {
			isa = PBXVariantGroup;
			children = (
				E304C3F52546FE0F002F45CB /* Base */,
			);
			name = LaunchScreen.storyboard;
			sourceTree = "<group>";
		};
/* End PBXVariantGroup section */

/* Begin XCBuildConfiguration section */
		E304C4102546FE0F002F45CB /* Debug */ = {
			isa = XCBuildConfiguration;
			buildSettings = {
				ALWAYS_SEARCH_USER_PATHS = NO;
				CLANG_ANALYZER_NONNULL = YES;
				CLANG_ANALYZER_NUMBER_OBJECT_CONVERSION = YES_AGGRESSIVE;
				CLANG_CXX_LANGUAGE_STANDARD = "gnu++14";
				CLANG_CXX_LIBRARY = "libc++";
				CLANG_ENABLE_MODULES = YES;
				CLANG_ENABLE_OBJC_ARC = YES;
				CLANG_ENABLE_OBJC_WEAK = YES;
				CLANG_WARN_BLOCK_CAPTURE_AUTORELEASING = YES;
				CLANG_WARN_BOOL_CONVERSION = YES;
				CLANG_WARN_COMMA = YES;
				CLANG_WARN_CONSTANT_CONVERSION = YES;
				CLANG_WARN_DEPRECATED_OBJC_IMPLEMENTATIONS = YES;
				CLANG_WARN_DIRECT_OBJC_ISA_USAGE = YES_ERROR;
				CLANG_WARN_DOCUMENTATION_COMMENTS = YES;
				CLANG_WARN_EMPTY_BODY = YES;
				CLANG_WARN_ENUM_CONVERSION = YES;
				CLANG_WARN_INFINITE_RECURSION = YES;
				CLANG_WARN_INT_CONVERSION = YES;
				CLANG_WARN_NON_LITERAL_NULL_CONVERSION = YES;
				CLANG_WARN_OBJC_IMPLICIT_RETAIN_SELF = YES;
				CLANG_WARN_OBJC_LITERAL_CONVERSION = YES;
				CLANG_WARN_OBJC_ROOT_CLASS = YES_ERROR;
				CLANG_WARN_RANGE_LOOP_ANALYSIS = YES;
				CLANG_WARN_STRICT_PROTOTYPES = YES;
				CLANG_WARN_SUSPICIOUS_MOVE = YES;
				CLANG_WARN_UNGUARDED_AVAILABILITY = YES_AGGRESSIVE;
				CLANG_WARN_UNREACHABLE_CODE = YES;
				CLANG_WARN__DUPLICATE_METHOD_MATCH = YES;
				COPY_PHASE_STRIP = NO;
				DEBUG_INFORMATION_FORMAT = dwarf;
				ENABLE_STRICT_OBJC_MSGSEND = YES;
				ENABLE_TESTABILITY = YES;
				GCC_C_LANGUAGE_STANDARD = gnu11;
				GCC_DYNAMIC_NO_PIC = NO;
				GCC_NO_COMMON_BLOCKS = YES;
				GCC_OPTIMIZATION_LEVEL = 0;
				GCC_PREPROCESSOR_DEFINITIONS = (
					"DEBUG=1",
					"$(inherited)",
				);
				GCC_WARN_64_TO_32_BIT_CONVERSION = YES;
				GCC_WARN_ABOUT_RETURN_TYPE = YES_ERROR;
				GCC_WARN_UNDECLARED_SELECTOR = YES;
				GCC_WARN_UNINITIALIZED_AUTOS = YES_AGGRESSIVE;
				GCC_WARN_UNUSED_FUNCTION = YES;
				GCC_WARN_UNUSED_VARIABLE = YES;
				IPHONEOS_DEPLOYMENT_TARGET = 13.5;
				MTL_ENABLE_DEBUG_INFO = INCLUDE_SOURCE;
				MTL_FAST_MATH = YES;
				ONLY_ACTIVE_ARCH = YES;
				SDKROOT = iphoneos;
			};
			name = Debug;
		};
		E304C4112546FE0F002F45CB /* Release */ = {
			isa = XCBuildConfiguration;
			buildSettings = {
				ALWAYS_SEARCH_USER_PATHS = NO;
				CLANG_ANALYZER_NONNULL = YES;
				CLANG_ANALYZER_NUMBER_OBJECT_CONVERSION = YES_AGGRESSIVE;
				CLANG_CXX_LANGUAGE_STANDARD = "gnu++14";
				CLANG_CXX_LIBRARY = "libc++";
				CLANG_ENABLE_MODULES = YES;
				CLANG_ENABLE_OBJC_ARC = YES;
				CLANG_ENABLE_OBJC_WEAK = YES;
				CLANG_WARN_BLOCK_CAPTURE_AUTORELEASING = YES;
				CLANG_WARN_BOOL_CONVERSION = YES;
				CLANG_WARN_COMMA = YES;
				CLANG_WARN_CONSTANT_CONVERSION = YES;
				CLANG_WARN_DEPRECATED_OBJC_IMPLEMENTATIONS = YES;
				CLANG_WARN_DIRECT_OBJC_ISA_USAGE = YES_ERROR;
				CLANG_WARN_DOCUMENTATION_COMMENTS = YES;
				CLANG_WARN_EMPTY_BODY = YES;
				CLANG_WARN_ENUM_CONVERSION = YES;
				CLANG_WARN_INFINITE_RECURSION = YES;
				CLANG_WARN_INT_CONVERSION = YES;
				CLANG_WARN_NON_LITERAL_NULL_CONVERSION = YES;
				CLANG_WARN_OBJC_IMPLICIT_RETAIN_SELF = YES;
				CLANG_WARN_OBJC_LITERAL_CONVERSION = YES;
				CLANG_WARN_OBJC_ROOT_CLASS = YES_ERROR;
				CLANG_WARN_RANGE_LOOP_ANALYSIS = YES;
				CLANG_WARN_STRICT_PROTOTYPES = YES;
				CLANG_WARN_SUSPICIOUS_MOVE = YES;
				CLANG_WARN_UNGUARDED_AVAILABILITY = YES_AGGRESSIVE;
				CLANG_WARN_UNREACHABLE_CODE = YES;
				CLANG_WARN__DUPLICATE_METHOD_MATCH = YES;
				COPY_PHASE_STRIP = NO;
				DEBUG_INFORMATION_FORMAT = "dwarf-with-dsym";
				ENABLE_NS_ASSERTIONS = NO;
				ENABLE_STRICT_OBJC_MSGSEND = YES;
				GCC_C_LANGUAGE_STANDARD = gnu11;
				GCC_NO_COMMON_BLOCKS = YES;
				GCC_WARN_64_TO_32_BIT_CONVERSION = YES;
				GCC_WARN_ABOUT_RETURN_TYPE = YES_ERROR;
				GCC_WARN_UNDECLARED_SELECTOR = YES;
				GCC_WARN_UNINITIALIZED_AUTOS = YES_AGGRESSIVE;
				GCC_WARN_UNUSED_FUNCTION = YES;
				GCC_WARN_UNUSED_VARIABLE = YES;
				IPHONEOS_DEPLOYMENT_TARGET = 13.5;
				MTL_ENABLE_DEBUG_INFO = NO;
				MTL_FAST_MATH = YES;
				SDKROOT = iphoneos;
				VALIDATE_PRODUCT = YES;
			};
			name = Release;
		};
		E304C4132546FE0F002F45CB /* Debug */ = {
			isa = XCBuildConfiguration;
			buildSettings = {
				ASSETCATALOG_COMPILER_APPICON_NAME = AppIcon;
				CODE_SIGN_STYLE = Automatic;
				DEVELOPMENT_TEAM = 4WG7PLUDH8;
				INFOPLIST_FILE = "oc-数据类型/Info.plist";
				LD_RUNPATH_SEARCH_PATHS = (
					"$(inherited)",
					"@executable_path/Frameworks",
				);
				PRODUCT_BUNDLE_IDENTIFIER = "com.kpl.oc-----";
				PRODUCT_NAME = "$(TARGET_NAME)";
				TARGETED_DEVICE_FAMILY = "1,2";
			};
			name = Debug;
		};
		E304C4142546FE0F002F45CB /* Release */ = {
			isa = XCBuildConfiguration;
			buildSettings = {
				ASSETCATALOG_COMPILER_APPICON_NAME = AppIcon;
				CODE_SIGN_STYLE = Automatic;
				DEVELOPMENT_TEAM = 4WG7PLUDH8;
				INFOPLIST_FILE = "oc-数据类型/Info.plist";
				LD_RUNPATH_SEARCH_PATHS = (
					"$(inherited)",
					"@executable_path/Frameworks",
				);
				PRODUCT_BUNDLE_IDENTIFIER = "com.kpl.oc-----";
				PRODUCT_NAME = "$(TARGET_NAME)";
				TARGETED_DEVICE_FAMILY = "1,2";
			};
			name = Release;
		};
		E304C4162546FE0F002F45CB /* Debug */ = {
			isa = XCBuildConfiguration;
			buildSettings = {
				BUNDLE_LOADER = "$(TEST_HOST)";
				CODE_SIGN_STYLE = Automatic;
				DEVELOPMENT_TEAM = 4WG7PLUDH8;
				INFOPLIST_FILE = "oc-数据类型Tests/Info.plist";
				IPHONEOS_DEPLOYMENT_TARGET = 13.5;
				LD_RUNPATH_SEARCH_PATHS = (
					"$(inherited)",
					"@executable_path/Frameworks",
					"@loader_path/Frameworks",
				);
				PRODUCT_BUNDLE_IDENTIFIER = "com.kpl.oc-----Tests";
				PRODUCT_NAME = "$(TARGET_NAME)";
				TARGETED_DEVICE_FAMILY = "1,2";
				TEST_HOST = "$(BUILT_PRODUCTS_DIR)/oc-数据类型.app/oc-数据类型";
			};
			name = Debug;
		};
		E304C4172546FE0F002F45CB /* Release */ = {
			isa = XCBuildConfiguration;
			buildSettings = {
				BUNDLE_LOADER = "$(TEST_HOST)";
				CODE_SIGN_STYLE = Automatic;
				DEVELOPMENT_TEAM = 4WG7PLUDH8;
				INFOPLIST_FILE = "oc-数据类型Tests/Info.plist";
				IPHONEOS_DEPLOYMENT_TARGET = 13.5;
				LD_RUNPATH_SEARCH_PATHS = (
					"$(inherited)",
					"@executable_path/Frameworks",
					"@loader_path/Frameworks",
				);
				PRODUCT_BUNDLE_IDENTIFIER = "com.kpl.oc-----Tests";
				PRODUCT_NAME = "$(TARGET_NAME)";
				TARGETED_DEVICE_FAMILY = "1,2";
				TEST_HOST = "$(BUILT_PRODUCTS_DIR)/oc-数据类型.app/oc-数据类型";
			};
			name = Release;
		};
		E304C4192546FE0F002F45CB /* Debug */ = {
			isa = XCBuildConfiguration;
			buildSettings = {
				CODE_SIGN_STYLE = Automatic;
				DEVELOPMENT_TEAM = 4WG7PLUDH8;
				INFOPLIST_FILE = "oc-数据类型UITests/Info.plist";
				LD_RUNPATH_SEARCH_PATHS = (
					"$(inherited)",
					"@executable_path/Frameworks",
					"@loader_path/Frameworks",
				);
				PRODUCT_BUNDLE_IDENTIFIER = "com.kpl.oc-----UITests";
				PRODUCT_NAME = "$(TARGET_NAME)";
				TARGETED_DEVICE_FAMILY = "1,2";
				TEST_TARGET_NAME = "oc-数据类型";
			};
			name = Debug;
		};
		E304C41A2546FE0F002F45CB /* Release */ = {
			isa = XCBuildConfiguration;
			buildSettings = {
				CODE_SIGN_STYLE = Automatic;
				DEVELOPMENT_TEAM = 4WG7PLUDH8;
				INFOPLIST_FILE = "oc-数据类型UITests/Info.plist";
				LD_RUNPATH_SEARCH_PATHS = (
					"$(inherited)",
					"@executable_path/Frameworks",
					"@loader_path/Frameworks",
				);
				PRODUCT_BUNDLE_IDENTIFIER = "com.kpl.oc-----UITests";
				PRODUCT_NAME = "$(TARGET_NAME)";
				TARGETED_DEVICE_FAMILY = "1,2";
				TEST_TARGET_NAME = "oc-数据类型";
			};
			name = Release;
		};
/* End XCBuildConfiguration section */

/* Begin XCConfigurationList section */
		E304C3DE2546FE0C002F45CB /* Build configuration list for PBXProject "oc-数据类型" */ = {
			isa = XCConfigurationList;
			buildConfigurations = (
				E304C4102546FE0F002F45CB /* Debug */,
				E304C4112546FE0F002F45CB /* Release */,
			);
			defaultConfigurationIsVisible = 0;
			defaultConfigurationName = Release;
		};
		E304C4122546FE0F002F45CB /* Build configuration list for PBXNativeTarget "oc-数据类型" */ = {
			isa = XCConfigurationList;
			buildConfigurations = (
				E304C4132546FE0F002F45CB /* Debug */,
				E304C4142546FE0F002F45CB /* Release */,
			);
			defaultConfigurationIsVisible = 0;
			defaultConfigurationName = Release;
		};
		E304C4152546FE0F002F45CB /* Build configuration list for PBXNativeTarget "oc-数据类型Tests" */ = {
			isa = XCConfigurationList;
			buildConfigurations = (
				E304C4162546FE0F002F45CB /* Debug */,
				E304C4172546FE0F002F45CB /* Release */,
			);
			defaultConfigurationIsVisible = 0;
			defaultConfigurationName = Release;
		};
		E304C4182546FE0F002F45CB /* Build configuration list for PBXNativeTarget "oc-数据类型UITests" */ = {
			isa = XCConfigurationList;
			buildConfigurations = (
				E304C4192546FE0F002F45CB /* Debug */,
				E304C41A2546FE0F002F45CB /* Release */,
			);
			defaultConfigurationIsVisible = 0;
			defaultConfigurationName = Release;
		};
/* End XCConfigurationList section */
	};
	rootObject = E304C3DB2546FE0C002F45CB /* Project object */;
}
