// !$*UTF8*$!
{
	archiveVersion = 1;
	classes = {
	};
	objectVersion = 50;
	objects = {

/* Begin PBXBuildFile section */
		E372BC3F255914600059F908 /* AppDelegate.m in Sources */ = {isa = PBXBuildFile; fileRef = E372BC3E255914600059F908 /* AppDelegate.m */; };
		E372BC42255914600059F908 /* SceneDelegate.m in Sources */ = {isa = PBXBuildFile; fileRef = E372BC41255914600059F908 /* SceneDelegate.m */; };
		E372BC45255914600059F908 /* ViewController.m in Sources */ = {isa = PBXBuildFile; fileRef = E372BC44255914600059F908 /* ViewController.m */; };
		E372BC48255914600059F908 /* Main.storyboard in Resources */ = {isa = PBXBuildFile; fileRef = E372BC46255914600059F908 /* Main.storyboard */; };
		E372BC4A255914620059F908 /* Assets.xcassets in Resources */ = {isa = PBXBuildFile; fileRef = E372BC49255914620059F908 /* Assets.xcassets */; };
		E372BC4D255914620059F908 /* LaunchScreen.storyboard in Resources */ = {isa = PBXBuildFile; fileRef = E372BC4B255914620059F908 /* LaunchScreen.storyboard */; };
		E372BC50255914620059F908 /* main.m in Sources */ = {isa = PBXBuildFile; fileRef = E372BC4F255914620059F908 /* main.m */; };
		E372BC5A255914620059F908 /* UISegmentControlTests.m in Sources */ = {isa = PBXBuildFile; fileRef = E372BC59255914620059F908 /* UISegmentControlTests.m */; };
		E372BC65255914620059F908 /* UISegmentControlUITests.m in Sources */ = {isa = PBXBuildFile; fileRef = E372BC64255914620059F908 /* UISegmentControlUITests.m */; };
/* End PBXBuildFile section */

/* Begin PBXContainerItemProxy section */
		E372BC56255914620059F908 /* PBXContainerItemProxy */ = {
			isa = PBXContainerItemProxy;
			containerPortal = E372BC32255914600059F908 /* Project object */;
			proxyType = 1;
			remoteGlobalIDString = E372BC39255914600059F908;
			remoteInfo = UISegmentControl;
		};
		E372BC61255914620059F908 /* PBXContainerItemProxy */ = {
			isa = PBXContainerItemProxy;
			containerPortal = E372BC32255914600059F908 /* Project object */;
			proxyType = 1;
			remoteGlobalIDString = E372BC39255914600059F908;
			remoteInfo = UISegmentControl;
		};
/* End PBXContainerItemProxy section */

/* Begin PBXFileReference section */
		E372BC3A255914600059F908 /* UISegmentControl.app */ = {isa = PBXFileReference; explicitFileType = wrapper.application; includeInIndex = 0; path = UISegmentControl.app; sourceTree = BUILT_PRODUCTS_DIR; };
		E372BC3D255914600059F908 /* AppDelegate.h */ = {isa = PBXFileReference; lastKnownFileType = sourcecode.c.h; path = AppDelegate.h; sourceTree = "<group>"; };
		E372BC3E255914600059F908 /* AppDelegate.m */ = {isa = PBXFileReference; lastKnownFileType = sourcecode.c.objc; path = AppDelegate.m; sourceTree = "<group>"; };
		E372BC40255914600059F908 /* SceneDelegate.h */ = {isa = PBXFileReference; lastKnownFileType = sourcecode.c.h; path = SceneDelegate.h; sourceTree = "<group>"; };
		E372BC41255914600059F908 /* SceneDelegate.m */ = {isa = PBXFileReference; lastKnownFileType = sourcecode.c.objc; path = SceneDelegate.m; sourceTree = "<group>"; };
		E372BC43255914600059F908 /* ViewController.h */ = {isa = PBXFileReference; lastKnownFileType = sourcecode.c.h; path = ViewController.h; sourceTree = "<group>"; };
		E372BC44255914600059F908 /* ViewController.m */ = {isa = PBXFileReference; lastKnownFileType = sourcecode.c.objc; path = ViewController.m; sourceTree = "<group>"; };
		E372BC47255914600059F908 /* Base */ = {isa = PBXFileReference; lastKnownFileType = file.storyboard; name = Base; path = Base.lproj/Main.storyboard; sourceTree = "<group>"; };
		E372BC49255914620059F908 /* Assets.xcassets */ = {isa = PBXFileReference; lastKnownFileType = folder.assetcatalog; path = Assets.xcassets; sourceTree = "<group>"; };
		E372BC4C255914620059F908 /* Base */ = {isa = PBXFileReference; lastKnownFileType = file.storyboard; name = Base; path = Base.lproj/LaunchScreen.storyboard; sourceTree = "<group>"; };
		E372BC4E255914620059F908 /* Info.plist */ = {isa = PBXFileReference; lastKnownFileType = text.plist.xml; path = Info.plist; sourceTree = "<group>"; };
		E372BC4F255914620059F908 /* main.m */ = {isa = PBXFileReference; lastKnownFileType = sourcecode.c.objc; path = main.m; sourceTree = "<group>"; };
		E372BC55255914620059F908 /* UISegmentControlTests.xctest */ = {isa = PBXFileReference; explicitFileType = wrapper.cfbundle; includeInIndex = 0; path = UISegmentControlTests.xctest; sourceTree = BUILT_PRODUCTS_DIR; };
		E372BC59255914620059F908 /* UISegmentControlTests.m */ = {isa = PBXFileReference; lastKnownFileType = sourcecode.c.objc; path = UISegmentControlTests.m; sourceTree = "<group>"; };
		E372BC5B255914620059F908 /* Info.plist */ = {isa = PBXFileReference; lastKnownFileType = text.plist.xml; path = Info.plist; sourceTree = "<group>"; };
		E372BC60255914620059F908 /* UISegmentControlUITests.xctest */ = {isa = PBXFileReference; explicitFileType = wrapper.cfbundle; includeInIndex = 0; path = UISegmentControlUITests.xctest; sourceTree = BUILT_PRODUCTS_DIR; };
		E372BC64255914620059F908 /* UISegmentControlUITests.m */ = {isa = PBXFileReference; lastKnownFileType = sourcecode.c.objc; path = UISegmentControlUITests.m; sourceTree = "<group>"; };
		E372BC66255914620059F908 /* Info.plist */ = {isa = PBXFileReference; lastKnownFileType = text.plist.xml; path = Info.plist; sourceTree = "<group>"; };
/* End PBXFileReference section */

/* Begin PBXFrameworksBuildPhase section */
		E372BC37255914600059F908 /* Frameworks */ = {
			isa = PBXFrameworksBuildPhase;
			buildActionMask = 2147483647;
			files = (
			);
			runOnlyForDeploymentPostprocessing = 0;
		};
		E372BC52255914620059F908 /* Frameworks */ = {
			isa = PBXFrameworksBuildPhase;
			buildActionMask = 2147483647;
			files = (
			);
			runOnlyForDeploymentPostprocessing = 0;
		};
		E372BC5D255914620059F908 /* Frameworks */ = {
			isa = PBXFrameworksBuildPhase;
			buildActionMask = 2147483647;
			files = (
			);
			runOnlyForDeploymentPostprocessing = 0;
		};
/* End PBXFrameworksBuildPhase section */

/* Begin PBXGroup section */
		E372BC31255914600059F908 = {
			isa = PBXGroup;
			children = (
				E372BC3C255914600059F908 /* UISegmentControl */,
				E372BC58255914620059F908 /* UISegmentControlTests */,
				E372BC63255914620059F908 /* UISegmentControlUITests */,
				E372BC3B255914600059F908 /* Products */,
			);
			sourceTree = "<group>";
		};
		E372BC3B255914600059F908 /* Products */ = {
			isa = PBXGroup;
			children = (
				E372BC3A255914600059F908 /* UISegmentControl.app */,
				E372BC55255914620059F908 /* UISegmentControlTests.xctest */,
				E372BC60255914620059F908 /* UISegmentControlUITests.xctest */,
			);
			name = Products;
			sourceTree = "<group>";
		};
		E372BC3C255914600059F908 /* UISegmentControl */ = {
			isa = PBXGroup;
			children = (
				E372BC3D255914600059F908 /* AppDelegate.h */,
				E372BC3E255914600059F908 /* AppDelegate.m */,
				E372BC40255914600059F908 /* SceneDelegate.h */,
				E372BC41255914600059F908 /* SceneDelegate.m */,
				E372BC43255914600059F908 /* ViewController.h */,
				E372BC44255914600059F908 /* ViewController.m */,
				E372BC46255914600059F908 /* Main.storyboard */,
				E372BC49255914620059F908 /* Assets.xcassets */,
				E372BC4B255914620059F908 /* LaunchScreen.storyboard */,
				E372BC4E255914620059F908 /* Info.plist */,
				E372BC4F255914620059F908 /* main.m */,
			);
			path = UISegmentControl;
			sourceTree = "<group>";
		};
		E372BC58255914620059F908 /* UISegmentControlTests */ = {
			isa = PBXGroup;
			children = (
				E372BC59255914620059F908 /* UISegmentControlTests.m */,
				E372BC5B255914620059F908 /* Info.plist */,
			);
			path = UISegmentControlTests;
			sourceTree = "<group>";
		};
		E372BC63255914620059F908 /* UISegmentControlUITests */ = {
			isa = PBXGroup;
			children = (
				E372BC64255914620059F908 /* UISegmentControlUITests.m */,
				E372BC66255914620059F908 /* Info.plist */,
			);
			path = UISegmentControlUITests;
			sourceTree = "<group>";
		};
/* End PBXGroup section */

/* Begin PBXNativeTarget section */
		E372BC39255914600059F908 /* UISegmentControl */ = {
			isa = PBXNativeTarget;
			buildConfigurationList = E372BC69255914620059F908 /* Build configuration list for PBXNativeTarget "UISegmentControl" */;
			buildPhases = (
				E372BC36255914600059F908 /* Sources */,
				E372BC37255914600059F908 /* Frameworks */,
				E372BC38255914600059F908 /* Resources */,
			);
			buildRules = (
			);
			dependencies = (
			);
			name = UISegmentControl;
			productName = UISegmentControl;
			productReference = E372BC3A255914600059F908 /* UISegmentControl.app */;
			productType = "com.apple.product-type.application";
		};
		E372BC54255914620059F908 /* UISegmentControlTests */ = {
			isa = PBXNativeTarget;
			buildConfigurationList = E372BC6C255914620059F908 /* Build configuration list for PBXNativeTarget "UISegmentControlTests" */;
			buildPhases = (
				E372BC51255914620059F908 /* Sources */,
				E372BC52255914620059F908 /* Frameworks */,
				E372BC53255914620059F908 /* Resources */,
			);
			buildRules = (
			);
			dependencies = (
				E372BC57255914620059F908 /* PBXTargetDependency */,
			);
			name = UISegmentControlTests;
			productName = UISegmentControlTests;
			productReference = E372BC55255914620059F908 /* UISegmentControlTests.xctest */;
			productType = "com.apple.product-type.bundle.unit-test";
		};
		E372BC5F255914620059F908 /* UISegmentControlUITests */ = {
			isa = PBXNativeTarget;
			buildConfigurationList = E372BC6F255914620059F908 /* Build configuration list for PBXNativeTarget "UISegmentControlUITests" */;
			buildPhases = (
				E372BC5C255914620059F908 /* Sources */,
				E372BC5D255914620059F908 /* Frameworks */,
				E372BC5E255914620059F908 /* Resources */,
			);
			buildRules = (
			);
			dependencies = (
				E372BC62255914620059F908 /* PBXTargetDependency */,
			);
			name = UISegmentControlUITests;
			productName = UISegmentControlUITests;
			productReference = E372BC60255914620059F908 /* UISegmentControlUITests.xctest */;
			productType = "com.apple.product-type.bundle.ui-testing";
		};
/* End PBXNativeTarget section */

/* Begin PBXProject section */
		E372BC32255914600059F908 /* Project object */ = {
			isa = PBXProject;
			attributes = {
				LastUpgradeCheck = 1150;
				ORGANIZATIONNAME = edz;
				TargetAttributes = {
					E372BC39255914600059F908 = {
						CreatedOnToolsVersion = 11.5;
					};
					E372BC54255914620059F908 = {
						CreatedOnToolsVersion = 11.5;
						TestTargetID = E372BC39255914600059F908;
					};
					E372BC5F255914620059F908 = {
						CreatedOnToolsVersion = 11.5;
						TestTargetID = E372BC39255914600059F908;
					};
				};
			};
			buildConfigurationList = E372BC35255914600059F908 /* Build configuration list for PBXProject "UISegmentControl" */;
			compatibilityVersion = "Xcode 9.3";
			developmentRegion = en;
			hasScannedForEncodings = 0;
			knownRegions = (
				en,
				Base,
			);
			mainGroup = E372BC31255914600059F908;
			productRefGroup = E372BC3B255914600059F908 /* Products */;
			projectDirPath = "";
			projectRoot = "";
			targets = (
				E372BC39255914600059F908 /* UISegmentControl */,
				E372BC54255914620059F908 /* UISegmentControlTests */,
				E372BC5F255914620059F908 /* UISegmentControlUITests */,
			);
		};
/* End PBXProject section */

/* Begin PBXResourcesBuildPhase section */
		E372BC38255914600059F908 /* Resources */ = {
			isa = PBXResourcesBuildPhase;
			buildActionMask = 2147483647;
			files = (
				E372BC4D255914620059F908 /* LaunchScreen.storyboard in Resources */,
				E372BC4A255914620059F908 /* Assets.xcassets in Resources */,
				E372BC48255914600059F908 /* Main.storyboard in Resources */,
			);
			runOnlyForDeploymentPostprocessing = 0;
		};
		E372BC53255914620059F908 /* Resources */ = {
			isa = PBXResourcesBuildPhase;
			buildActionMask = 2147483647;
			files = (
			);
			runOnlyForDeploymentPostprocessing = 0;
		};
		E372BC5E255914620059F908 /* Resources */ = {
			isa = PBXResourcesBuildPhase;
			buildActionMask = 2147483647;
			files = (
			);
			runOnlyForDeploymentPostprocessing = 0;
		};
/* End PBXResourcesBuildPhase section */

/* Begin PBXSourcesBuildPhase section */
		E372BC36255914600059F908 /* Sources */ = {
			isa = PBXSourcesBuildPhase;
			buildActionMask = 2147483647;
			files = (
				E372BC45255914600059F908 /* ViewController.m in Sources */,
				E372BC3F255914600059F908 /* AppDelegate.m in Sources */,
				E372BC50255914620059F908 /* main.m in Sources */,
				E372BC42255914600059F908 /* SceneDelegate.m in Sources */,
			);
			runOnlyForDeploymentPostprocessing = 0;
		};
		E372BC51255914620059F908 /* Sources */ = {
			isa = PBXSourcesBuildPhase;
			buildActionMask = 2147483647;
			files = (
				E372BC5A255914620059F908 /* UISegmentControlTests.m in Sources */,
			);
			runOnlyForDeploymentPostprocessing = 0;
		};
		E372BC5C255914620059F908 /* Sources */ = {
			isa = PBXSourcesBuildPhase;
			buildActionMask = 2147483647;
			files = (
				E372BC65255914620059F908 /* UISegmentControlUITests.m in Sources */,
			);
			runOnlyForDeploymentPostprocessing = 0;
		};
/* End PBXSourcesBuildPhase section */

/* Begin PBXTargetDependency section */
		E372BC57255914620059F908 /* PBXTargetDependency */ = {
			isa = PBXTargetDependency;
			target = E372BC39255914600059F908 /* UISegmentControl */;
			targetProxy = E372BC56255914620059F908 /* PBXContainerItemProxy */;
		};
		E372BC62255914620059F908 /* PBXTargetDependency */ = {
			isa = PBXTargetDependency;
			target = E372BC39255914600059F908 /* UISegmentControl */;
			targetProxy = E372BC61255914620059F908 /* PBXContainerItemProxy */;
		};
/* End PBXTargetDependency section */

/* Begin PBXVariantGroup section */
		E372BC46255914600059F908 /* Main.storyboard */ = {
			isa = PBXVariantGroup;
			children = (
				E372BC47255914600059F908 /* Base */,
			);
			name = Main.storyboard;
			sourceTree = "<group>";
		};
		E372BC4B255914620059F908 /* LaunchScreen.storyboard */ = {
			isa = PBXVariantGroup;
			children = (
				E372BC4C255914620059F908 /* Base */,
			);
			name = LaunchScreen.storyboard;
			sourceTree = "<group>";
		};
/* End PBXVariantGroup section */

/* Begin XCBuildConfiguration section */
		E372BC67255914620059F908 /* Debug */ = {
			isa = XCBuildConfiguration;
			buildSettings = {
				ALWAYS_SEARCH_USER_PATHS = NO;
				CLANG_ANALYZER_NONNULL = YES;
				CLANG_ANALYZER_NUMBER_OBJECT_CONVERSION = YES_AGGRESSIVE;
				CLANG_CXX_LANGUAGE_STANDARD = "gnu++14";
				CLANG_CXX_LIBRARY = "libc++";
				CLANG_ENABLE_MODULES = YES;
				CLANG_ENABLE_OBJC_ARC = YES;
				CLANG_ENABLE_OBJC_WEAK = YES;
				CLANG_WARN_BLOCK_CAPTURE_AUTORELEASING = YES;
				CLANG_WARN_BOOL_CONVERSION = YES;
				CLANG_WARN_COMMA = YES;
				CLANG_WARN_CONSTANT_CONVERSION = YES;
				CLANG_WARN_DEPRECATED_OBJC_IMPLEMENTATIONS = YES;
				CLANG_WARN_DIRECT_OBJC_ISA_USAGE = YES_ERROR;
				CLANG_WARN_DOCUMENTATION_COMMENTS = YES;
				CLANG_WARN_EMPTY_BODY = YES;
				CLANG_WARN_ENUM_CONVERSION = YES;
				CLANG_WARN_INFINITE_RECURSION = YES;
				CLANG_WARN_INT_CONVERSION = YES;
				CLANG_WARN_NON_LITERAL_NULL_CONVERSION = YES;
				CLANG_WARN_OBJC_IMPLICIT_RETAIN_SELF = YES;
				CLANG_WARN_OBJC_LITERAL_CONVERSION = YES;
				CLANG_WARN_OBJC_ROOT_CLASS = YES_ERROR;
				CLANG_WARN_RANGE_LOOP_ANALYSIS = YES;
				CLANG_WARN_STRICT_PROTOTYPES = YES;
				CLANG_WARN_SUSPICIOUS_MOVE = YES;
				CLANG_WARN_UNGUARDED_AVAILABILITY = YES_AGGRESSIVE;
				CLANG_WARN_UNREACHABLE_CODE = YES;
				CLANG_WARN__DUPLICATE_METHOD_MATCH = YES;
				COPY_PHASE_STRIP = NO;
				DEBUG_INFORMATION_FORMAT = dwarf;
				ENABLE_STRICT_OBJC_MSGSEND = YES;
				ENABLE_TESTABILITY = YES;
				GCC_C_LANGUAGE_STANDARD = gnu11;
				GCC_DYNAMIC_NO_PIC = NO;
				GCC_NO_COMMON_BLOCKS = YES;
				GCC_OPTIMIZATION_LEVEL = 0;
				GCC_PREPROCESSOR_DEFINITIONS = (
					"DEBUG=1",
					"$(inherited)",
				);
				GCC_WARN_64_TO_32_BIT_CONVERSION = YES;
				GCC_WARN_ABOUT_RETURN_TYPE = YES_ERROR;
				GCC_WARN_UNDECLARED_SELECTOR = YES;
				GCC_WARN_UNINITIALIZED_AUTOS = YES_AGGRESSIVE;
				GCC_WARN_UNUSED_FUNCTION = YES;
				GCC_WARN_UNUSED_VARIABLE = YES;
				IPHONEOS_DEPLOYMENT_TARGET = 13.5;
				MTL_ENABLE_DEBUG_INFO = INCLUDE_SOURCE;
				MTL_FAST_MATH = YES;
				ONLY_ACTIVE_ARCH = YES;
				SDKROOT = iphoneos;
			};
			name = Debug;
		};
		E372BC68255914620059F908 /* Release */ = {
			isa = XCBuildConfiguration;
			buildSettings = {
				ALWAYS_SEARCH_USER_PATHS = NO;
				CLANG_ANALYZER_NONNULL = YES;
				CLANG_ANALYZER_NUMBER_OBJECT_CONVERSION = YES_AGGRESSIVE;
				CLANG_CXX_LANGUAGE_STANDARD = "gnu++14";
				CLANG_CXX_LIBRARY = "libc++";
				CLANG_ENABLE_MODULES = YES;
				CLANG_ENABLE_OBJC_ARC = YES;
				CLANG_ENABLE_OBJC_WEAK = YES;
				CLANG_WARN_BLOCK_CAPTURE_AUTORELEASING = YES;
				CLANG_WARN_BOOL_CONVERSION = YES;
				CLANG_WARN_COMMA = YES;
				CLANG_WARN_CONSTANT_CONVERSION = YES;
				CLANG_WARN_DEPRECATED_OBJC_IMPLEMENTATIONS = YES;
				CLANG_WARN_DIRECT_OBJC_ISA_USAGE = YES_ERROR;
				CLANG_WARN_DOCUMENTATION_COMMENTS = YES;
				CLANG_WARN_EMPTY_BODY = YES;
				CLANG_WARN_ENUM_CONVERSION = YES;
				CLANG_WARN_INFINITE_RECURSION = YES;
				CLANG_WARN_INT_CONVERSION = YES;
				CLANG_WARN_NON_LITERAL_NULL_CONVERSION = YES;
				CLANG_WARN_OBJC_IMPLICIT_RETAIN_SELF = YES;
				CLANG_WARN_OBJC_LITERAL_CONVERSION = YES;
				CLANG_WARN_OBJC_ROOT_CLASS = YES_ERROR;
				CLANG_WARN_RANGE_LOOP_ANALYSIS = YES;
				CLANG_WARN_STRICT_PROTOTYPES = YES;
				CLANG_WARN_SUSPICIOUS_MOVE = YES;
				CLANG_WARN_UNGUARDED_AVAILABILITY = YES_AGGRESSIVE;
				CLANG_WARN_UNREACHABLE_CODE = YES;
				CLANG_WARN__DUPLICATE_METHOD_MATCH = YES;
				COPY_PHASE_STRIP = NO;
				DEBUG_INFORMATION_FORMAT = "dwarf-with-dsym";
				ENABLE_NS_ASSERTIONS = NO;
				ENABLE_STRICT_OBJC_MSGSEND = YES;
				GCC_C_LANGUAGE_STANDARD = gnu11;
				GCC_NO_COMMON_BLOCKS = YES;
				GCC_WARN_64_TO_32_BIT_CONVERSION = YES;
				GCC_WARN_ABOUT_RETURN_TYPE = YES_ERROR;
				GCC_WARN_UNDECLARED_SELECTOR = YES;
				GCC_WARN_UNINITIALIZED_AUTOS = YES_AGGRESSIVE;
				GCC_WARN_UNUSED_FUNCTION = YES;
				GCC_WARN_UNUSED_VARIABLE = YES;
				IPHONEOS_DEPLOYMENT_TARGET = 13.5;
				MTL_ENABLE_DEBUG_INFO = NO;
				MTL_FAST_MATH = YES;
				SDKROOT = iphoneos;
				VALIDATE_PRODUCT = YES;
			};
			name = Release;
		};
		E372BC6A255914620059F908 /* Debug */ = {
			isa = XCBuildConfiguration;
			buildSettings = {
				ASSETCATALOG_COMPILER_APPICON_NAME = AppIcon;
				CODE_SIGN_STYLE = Automatic;
				DEVELOPMENT_TEAM = 4WG7PLUDH8;
				INFOPLIST_FILE = UISegmentControl/Info.plist;
				LD_RUNPATH_SEARCH_PATHS = (
					"$(inherited)",
					"@executable_path/Frameworks",
				);
				PRODUCT_BUNDLE_IDENTIFIER = com.kpl.UISegmentControl;
				PRODUCT_NAME = "$(TARGET_NAME)";
				TARGETED_DEVICE_FAMILY = "1,2";
			};
			name = Debug;
		};
		E372BC6B255914620059F908 /* Release */ = {
			isa = XCBuildConfiguration;
			buildSettings = {
				ASSETCATALOG_COMPILER_APPICON_NAME = AppIcon;
				CODE_SIGN_STYLE = Automatic;
				DEVELOPMENT_TEAM = 4WG7PLUDH8;
				INFOPLIST_FILE = UISegmentControl/Info.plist;
				LD_RUNPATH_SEARCH_PATHS = (
					"$(inherited)",
					"@executable_path/Frameworks",
				);
				PRODUCT_BUNDLE_IDENTIFIER = com.kpl.UISegmentControl;
				PRODUCT_NAME = "$(TARGET_NAME)";
				TARGETED_DEVICE_FAMILY = "1,2";
			};
			name = Release;
		};
		E372BC6D255914620059F908 /* Debug */ = {
			isa = XCBuildConfiguration;
			buildSettings = {
				BUNDLE_LOADER = "$(TEST_HOST)";
				CODE_SIGN_STYLE = Automatic;
				DEVELOPMENT_TEAM = 4WG7PLUDH8;
				INFOPLIST_FILE = UISegmentControlTests/Info.plist;
				IPHONEOS_DEPLOYMENT_TARGET = 13.5;
				LD_RUNPATH_SEARCH_PATHS = (
					"$(inherited)",
					"@executable_path/Frameworks",
					"@loader_path/Frameworks",
				);
				PRODUCT_BUNDLE_IDENTIFIER = com.kpl.UISegmentControlTests;
				PRODUCT_NAME = "$(TARGET_NAME)";
				TARGETED_DEVICE_FAMILY = "1,2";
				TEST_HOST = "$(BUILT_PRODUCTS_DIR)/UISegmentControl.app/UISegmentControl";
			};
			name = Debug;
		};
		E372BC6E255914620059F908 /* Release */ = {
			isa = XCBuildConfiguration;
			buildSettings = {
				BUNDLE_LOADER = "$(TEST_HOST)";
				CODE_SIGN_STYLE = Automatic;
				DEVELOPMENT_TEAM = 4WG7PLUDH8;
				INFOPLIST_FILE = UISegmentControlTests/Info.plist;
				IPHONEOS_DEPLOYMENT_TARGET = 13.5;
				LD_RUNPATH_SEARCH_PATHS = (
					"$(inherited)",
					"@executable_path/Frameworks",
					"@loader_path/Frameworks",
				);
				PRODUCT_BUNDLE_IDENTIFIER = com.kpl.UISegmentControlTests;
				PRODUCT_NAME = "$(TARGET_NAME)";
				TARGETED_DEVICE_FAMILY = "1,2";
				TEST_HOST = "$(BUILT_PRODUCTS_DIR)/UISegmentControl.app/UISegmentControl";
			};
			name = Release;
		};
		E372BC70255914620059F908 /* Debug */ = {
			isa = XCBuildConfiguration;
			buildSettings = {
				CODE_SIGN_STYLE = Automatic;
				DEVELOPMENT_TEAM = 4WG7PLUDH8;
				INFOPLIST_FILE = UISegmentControlUITests/Info.plist;
				LD_RUNPATH_SEARCH_PATHS = (
					"$(inherited)",
					"@executable_path/Frameworks",
					"@loader_path/Frameworks",
				);
				PRODUCT_BUNDLE_IDENTIFIER = com.kpl.UISegmentControlUITests;
				PRODUCT_NAME = "$(TARGET_NAME)";
				TARGETED_DEVICE_FAMILY = "1,2";
				TEST_TARGET_NAME = UISegmentControl;
			};
			name = Debug;
		};
		E372BC71255914620059F908 /* Release */ = {
			isa = XCBuildConfiguration;
			buildSettings = {
				CODE_SIGN_STYLE = Automatic;
				DEVELOPMENT_TEAM = 4WG7PLUDH8;
				INFOPLIST_FILE = UISegmentControlUITests/Info.plist;
				LD_RUNPATH_SEARCH_PATHS = (
					"$(inherited)",
					"@executable_path/Frameworks",
					"@loader_path/Frameworks",
				);
				PRODUCT_BUNDLE_IDENTIFIER = com.kpl.UISegmentControlUITests;
				PRODUCT_NAME = "$(TARGET_NAME)";
				TARGETED_DEVICE_FAMILY = "1,2";
				TEST_TARGET_NAME = UISegmentControl;
			};
			name = Release;
		};
/* End XCBuildConfiguration section */

/* Begin XCConfigurationList section */
		E372BC35255914600059F908 /* Build configuration list for PBXProject "UISegmentControl" */ = {
			isa = XCConfigurationList;
			buildConfigurations = (
				E372BC67255914620059F908 /* Debug */,
				E372BC68255914620059F908 /* Release */,
			);
			defaultConfigurationIsVisible = 0;
			defaultConfigurationName = Release;
		};
		E372BC69255914620059F908 /* Build configuration list for PBXNativeTarget "UISegmentControl" */ = {
			isa = XCConfigurationList;
			buildConfigurations = (
				E372BC6A255914620059F908 /* Debug */,
				E372BC6B255914620059F908 /* Release */,
			);
			defaultConfigurationIsVisible = 0;
			defaultConfigurationName = Release;
		};
		E372BC6C255914620059F908 /* Build configuration list for PBXNativeTarget "UISegmentControlTests" */ = {
			isa = XCConfigurationList;
			buildConfigurations = (
				E372BC6D255914620059F908 /* Debug */,
				E372BC6E255914620059F908 /* Release */,
			);
			defaultConfigurationIsVisible = 0;
			defaultConfigurationName = Release;
		};
		E372BC6F255914620059F908 /* Build configuration list for PBXNativeTarget "UISegmentControlUITests" */ = {
			isa = XCConfigurationList;
			buildConfigurations = (
				E372BC70255914620059F908 /* Debug */,
				E372BC71255914620059F908 /* Release */,
			);
			defaultConfigurationIsVisible = 0;
			defaultConfigurationName = Release;
		};
/* End XCConfigurationList section */
	};
	rootObject = E372BC32255914600059F908 /* Project object */;
}
