// !$*UTF8*$!
{
	archiveVersion = 1;
	classes = {
	};
	objectVersion = 50;
	objects = {

/* Begin PBXBuildFile section */
		E372C08A255F84800059F908 /* AppDelegate.m in Sources */ = {isa = PBXBuildFile; fileRef = E372C089255F84800059F908 /* AppDelegate.m */; };
		E372C08D255F84800059F908 /* SceneDelegate.m in Sources */ = {isa = PBXBuildFile; fileRef = E372C08C255F84800059F908 /* SceneDelegate.m */; };
		E372C090255F84800059F908 /* ViewController.m in Sources */ = {isa = PBXBuildFile; fileRef = E372C08F255F84800059F908 /* ViewController.m */; };
		E372C093255F84800059F908 /* Main.storyboard in Resources */ = {isa = PBXBuildFile; fileRef = E372C091255F84800059F908 /* Main.storyboard */; };
		E372C095255F84810059F908 /* Assets.xcassets in Resources */ = {isa = PBXBuildFile; fileRef = E372C094255F84810059F908 /* Assets.xcassets */; };
		E372C098255F84810059F908 /* LaunchScreen.storyboard in Resources */ = {isa = PBXBuildFile; fileRef = E372C096255F84810059F908 /* LaunchScreen.storyboard */; };
		E372C09B255F84810059F908 /* main.m in Sources */ = {isa = PBXBuildFile; fileRef = E372C09A255F84810059F908 /* main.m */; };
		E372C0A5255F84820059F908 /* UIDevice_UIScreenTests.m in Sources */ = {isa = PBXBuildFile; fileRef = E372C0A4255F84820059F908 /* UIDevice_UIScreenTests.m */; };
		E372C0B0255F84820059F908 /* UIDevice_UIScreenUITests.m in Sources */ = {isa = PBXBuildFile; fileRef = E372C0AF255F84820059F908 /* UIDevice_UIScreenUITests.m */; };
/* End PBXBuildFile section */

/* Begin PBXContainerItemProxy section */
		E372C0A1255F84820059F908 /* PBXContainerItemProxy */ = {
			isa = PBXContainerItemProxy;
			containerPortal = E372C07D255F84800059F908 /* Project object */;
			proxyType = 1;
			remoteGlobalIDString = E372C084255F84800059F908;
			remoteInfo = "UIDevice和UIScreen";
		};
		E372C0AC255F84820059F908 /* PBXContainerItemProxy */ = {
			isa = PBXContainerItemProxy;
			containerPortal = E372C07D255F84800059F908 /* Project object */;
			proxyType = 1;
			remoteGlobalIDString = E372C084255F84800059F908;
			remoteInfo = "UIDevice和UIScreen";
		};
/* End PBXContainerItemProxy section */

/* Begin PBXFileReference section */
		E372C085255F84800059F908 /* UIDevice和UIScreen.app */ = {isa = PBXFileReference; explicitFileType = wrapper.application; includeInIndex = 0; path = "UIDevice和UIScreen.app"; sourceTree = BUILT_PRODUCTS_DIR; };
		E372C088255F84800059F908 /* AppDelegate.h */ = {isa = PBXFileReference; lastKnownFileType = sourcecode.c.h; path = AppDelegate.h; sourceTree = "<group>"; };
		E372C089255F84800059F908 /* AppDelegate.m */ = {isa = PBXFileReference; lastKnownFileType = sourcecode.c.objc; path = AppDelegate.m; sourceTree = "<group>"; };
		E372C08B255F84800059F908 /* SceneDelegate.h */ = {isa = PBXFileReference; lastKnownFileType = sourcecode.c.h; path = SceneDelegate.h; sourceTree = "<group>"; };
		E372C08C255F84800059F908 /* SceneDelegate.m */ = {isa = PBXFileReference; lastKnownFileType = sourcecode.c.objc; path = SceneDelegate.m; sourceTree = "<group>"; };
		E372C08E255F84800059F908 /* ViewController.h */ = {isa = PBXFileReference; lastKnownFileType = sourcecode.c.h; path = ViewController.h; sourceTree = "<group>"; };
		E372C08F255F84800059F908 /* ViewController.m */ = {isa = PBXFileReference; lastKnownFileType = sourcecode.c.objc; path = ViewController.m; sourceTree = "<group>"; };
		E372C092255F84800059F908 /* Base */ = {isa = PBXFileReference; lastKnownFileType = file.storyboard; name = Base; path = Base.lproj/Main.storyboard; sourceTree = "<group>"; };
		E372C094255F84810059F908 /* Assets.xcassets */ = {isa = PBXFileReference; lastKnownFileType = folder.assetcatalog; path = Assets.xcassets; sourceTree = "<group>"; };
		E372C097255F84810059F908 /* Base */ = {isa = PBXFileReference; lastKnownFileType = file.storyboard; name = Base; path = Base.lproj/LaunchScreen.storyboard; sourceTree = "<group>"; };
		E372C099255F84810059F908 /* Info.plist */ = {isa = PBXFileReference; lastKnownFileType = text.plist.xml; path = Info.plist; sourceTree = "<group>"; };
		E372C09A255F84810059F908 /* main.m */ = {isa = PBXFileReference; lastKnownFileType = sourcecode.c.objc; path = main.m; sourceTree = "<group>"; };
		E372C0A0255F84820059F908 /* UIDevice和UIScreenTests.xctest */ = {isa = PBXFileReference; explicitFileType = wrapper.cfbundle; includeInIndex = 0; path = "UIDevice和UIScreenTests.xctest"; sourceTree = BUILT_PRODUCTS_DIR; };
		E372C0A4255F84820059F908 /* UIDevice_UIScreenTests.m */ = {isa = PBXFileReference; lastKnownFileType = sourcecode.c.objc; path = UIDevice_UIScreenTests.m; sourceTree = "<group>"; };
		E372C0A6255F84820059F908 /* Info.plist */ = {isa = PBXFileReference; lastKnownFileType = text.plist.xml; path = Info.plist; sourceTree = "<group>"; };
		E372C0AB255F84820059F908 /* UIDevice和UIScreenUITests.xctest */ = {isa = PBXFileReference; explicitFileType = wrapper.cfbundle; includeInIndex = 0; path = "UIDevice和UIScreenUITests.xctest"; sourceTree = BUILT_PRODUCTS_DIR; };
		E372C0AF255F84820059F908 /* UIDevice_UIScreenUITests.m */ = {isa = PBXFileReference; lastKnownFileType = sourcecode.c.objc; path = UIDevice_UIScreenUITests.m; sourceTree = "<group>"; };
		E372C0B1255F84820059F908 /* Info.plist */ = {isa = PBXFileReference; lastKnownFileType = text.plist.xml; path = Info.plist; sourceTree = "<group>"; };
/* End PBXFileReference section */

/* Begin PBXFrameworksBuildPhase section */
		E372C082255F84800059F908 /* Frameworks */ = {
			isa = PBXFrameworksBuildPhase;
			buildActionMask = 2147483647;
			files = (
			);
			runOnlyForDeploymentPostprocessing = 0;
		};
		E372C09D255F84820059F908 /* Frameworks */ = {
			isa = PBXFrameworksBuildPhase;
			buildActionMask = 2147483647;
			files = (
			);
			runOnlyForDeploymentPostprocessing = 0;
		};
		E372C0A8255F84820059F908 /* Frameworks */ = {
			isa = PBXFrameworksBuildPhase;
			buildActionMask = 2147483647;
			files = (
			);
			runOnlyForDeploymentPostprocessing = 0;
		};
/* End PBXFrameworksBuildPhase section */

/* Begin PBXGroup section */
		E372C07C255F84800059F908 = {
			isa = PBXGroup;
			children = (
				E372C087255F84800059F908 /* UIDevice和UIScreen */,
				E372C0A3255F84820059F908 /* UIDevice和UIScreenTests */,
				E372C0AE255F84820059F908 /* UIDevice和UIScreenUITests */,
				E372C086255F84800059F908 /* Products */,
			);
			sourceTree = "<group>";
		};
		E372C086255F84800059F908 /* Products */ = {
			isa = PBXGroup;
			children = (
				E372C085255F84800059F908 /* UIDevice和UIScreen.app */,
				E372C0A0255F84820059F908 /* UIDevice和UIScreenTests.xctest */,
				E372C0AB255F84820059F908 /* UIDevice和UIScreenUITests.xctest */,
			);
			name = Products;
			sourceTree = "<group>";
		};
		E372C087255F84800059F908 /* UIDevice和UIScreen */ = {
			isa = PBXGroup;
			children = (
				E372C088255F84800059F908 /* AppDelegate.h */,
				E372C089255F84800059F908 /* AppDelegate.m */,
				E372C08B255F84800059F908 /* SceneDelegate.h */,
				E372C08C255F84800059F908 /* SceneDelegate.m */,
				E372C08E255F84800059F908 /* ViewController.h */,
				E372C08F255F84800059F908 /* ViewController.m */,
				E372C091255F84800059F908 /* Main.storyboard */,
				E372C094255F84810059F908 /* Assets.xcassets */,
				E372C096255F84810059F908 /* LaunchScreen.storyboard */,
				E372C099255F84810059F908 /* Info.plist */,
				E372C09A255F84810059F908 /* main.m */,
			);
			path = "UIDevice和UIScreen";
			sourceTree = "<group>";
		};
		E372C0A3255F84820059F908 /* UIDevice和UIScreenTests */ = {
			isa = PBXGroup;
			children = (
				E372C0A4255F84820059F908 /* UIDevice_UIScreenTests.m */,
				E372C0A6255F84820059F908 /* Info.plist */,
			);
			path = "UIDevice和UIScreenTests";
			sourceTree = "<group>";
		};
		E372C0AE255F84820059F908 /* UIDevice和UIScreenUITests */ = {
			isa = PBXGroup;
			children = (
				E372C0AF255F84820059F908 /* UIDevice_UIScreenUITests.m */,
				E372C0B1255F84820059F908 /* Info.plist */,
			);
			path = "UIDevice和UIScreenUITests";
			sourceTree = "<group>";
		};
/* End PBXGroup section */

/* Begin PBXNativeTarget section */
		E372C084255F84800059F908 /* UIDevice和UIScreen */ = {
			isa = PBXNativeTarget;
			buildConfigurationList = E372C0B4255F84820059F908 /* Build configuration list for PBXNativeTarget "UIDevice和UIScreen" */;
			buildPhases = (
				E372C081255F84800059F908 /* Sources */,
				E372C082255F84800059F908 /* Frameworks */,
				E372C083255F84800059F908 /* Resources */,
			);
			buildRules = (
			);
			dependencies = (
			);
			name = "UIDevice和UIScreen";
			productName = "UIDevice和UIScreen";
			productReference = E372C085255F84800059F908 /* UIDevice和UIScreen.app */;
			productType = "com.apple.product-type.application";
		};
		E372C09F255F84820059F908 /* UIDevice和UIScreenTests */ = {
			isa = PBXNativeTarget;
			buildConfigurationList = E372C0B7255F84820059F908 /* Build configuration list for PBXNativeTarget "UIDevice和UIScreenTests" */;
			buildPhases = (
				E372C09C255F84820059F908 /* Sources */,
				E372C09D255F84820059F908 /* Frameworks */,
				E372C09E255F84820059F908 /* Resources */,
			);
			buildRules = (
			);
			dependencies = (
				E372C0A2255F84820059F908 /* PBXTargetDependency */,
			);
			name = "UIDevice和UIScreenTests";
			productName = "UIDevice和UIScreenTests";
			productReference = E372C0A0255F84820059F908 /* UIDevice和UIScreenTests.xctest */;
			productType = "com.apple.product-type.bundle.unit-test";
		};
		E372C0AA255F84820059F908 /* UIDevice和UIScreenUITests */ = {
			isa = PBXNativeTarget;
			buildConfigurationList = E372C0BA255F84820059F908 /* Build configuration list for PBXNativeTarget "UIDevice和UIScreenUITests" */;
			buildPhases = (
				E372C0A7255F84820059F908 /* Sources */,
				E372C0A8255F84820059F908 /* Frameworks */,
				E372C0A9255F84820059F908 /* Resources */,
			);
			buildRules = (
			);
			dependencies = (
				E372C0AD255F84820059F908 /* PBXTargetDependency */,
			);
			name = "UIDevice和UIScreenUITests";
			productName = "UIDevice和UIScreenUITests";
			productReference = E372C0AB255F84820059F908 /* UIDevice和UIScreenUITests.xctest */;
			productType = "com.apple.product-type.bundle.ui-testing";
		};
/* End PBXNativeTarget section */

/* Begin PBXProject section */
		E372C07D255F84800059F908 /* Project object */ = {
			isa = PBXProject;
			attributes = {
				LastUpgradeCheck = 1150;
				ORGANIZATIONNAME = edz;
				TargetAttributes = {
					E372C084255F84800059F908 = {
						CreatedOnToolsVersion = 11.5;
					};
					E372C09F255F84820059F908 = {
						CreatedOnToolsVersion = 11.5;
						TestTargetID = E372C084255F84800059F908;
					};
					E372C0AA255F84820059F908 = {
						CreatedOnToolsVersion = 11.5;
						TestTargetID = E372C084255F84800059F908;
					};
				};
			};
			buildConfigurationList = E372C080255F84800059F908 /* Build configuration list for PBXProject "UIDevice和UIScreen" */;
			compatibilityVersion = "Xcode 9.3";
			developmentRegion = en;
			hasScannedForEncodings = 0;
			knownRegions = (
				en,
				Base,
			);
			mainGroup = E372C07C255F84800059F908;
			productRefGroup = E372C086255F84800059F908 /* Products */;
			projectDirPath = "";
			projectRoot = "";
			targets = (
				E372C084255F84800059F908 /* UIDevice和UIScreen */,
				E372C09F255F84820059F908 /* UIDevice和UIScreenTests */,
				E372C0AA255F84820059F908 /* UIDevice和UIScreenUITests */,
			);
		};
/* End PBXProject section */

/* Begin PBXResourcesBuildPhase section */
		E372C083255F84800059F908 /* Resources */ = {
			isa = PBXResourcesBuildPhase;
			buildActionMask = 2147483647;
			files = (
				E372C098255F84810059F908 /* LaunchScreen.storyboard in Resources */,
				E372C095255F84810059F908 /* Assets.xcassets in Resources */,
				E372C093255F84800059F908 /* Main.storyboard in Resources */,
			);
			runOnlyForDeploymentPostprocessing = 0;
		};
		E372C09E255F84820059F908 /* Resources */ = {
			isa = PBXResourcesBuildPhase;
			buildActionMask = 2147483647;
			files = (
			);
			runOnlyForDeploymentPostprocessing = 0;
		};
		E372C0A9255F84820059F908 /* Resources */ = {
			isa = PBXResourcesBuildPhase;
			buildActionMask = 2147483647;
			files = (
			);
			runOnlyForDeploymentPostprocessing = 0;
		};
/* End PBXResourcesBuildPhase section */

/* Begin PBXSourcesBuildPhase section */
		E372C081255F84800059F908 /* Sources */ = {
			isa = PBXSourcesBuildPhase;
			buildActionMask = 2147483647;
			files = (
				E372C090255F84800059F908 /* ViewController.m in Sources */,
				E372C08A255F84800059F908 /* AppDelegate.m in Sources */,
				E372C09B255F84810059F908 /* main.m in Sources */,
				E372C08D255F84800059F908 /* SceneDelegate.m in Sources */,
			);
			runOnlyForDeploymentPostprocessing = 0;
		};
		E372C09C255F84820059F908 /* Sources */ = {
			isa = PBXSourcesBuildPhase;
			buildActionMask = 2147483647;
			files = (
				E372C0A5255F84820059F908 /* UIDevice_UIScreenTests.m in Sources */,
			);
			runOnlyForDeploymentPostprocessing = 0;
		};
		E372C0A7255F84820059F908 /* Sources */ = {
			isa = PBXSourcesBuildPhase;
			buildActionMask = 2147483647;
			files = (
				E372C0B0255F84820059F908 /* UIDevice_UIScreenUITests.m in Sources */,
			);
			runOnlyForDeploymentPostprocessing = 0;
		};
/* End PBXSourcesBuildPhase section */

/* Begin PBXTargetDependency section */
		E372C0A2255F84820059F908 /* PBXTargetDependency */ = {
			isa = PBXTargetDependency;
			target = E372C084255F84800059F908 /* UIDevice和UIScreen */;
			targetProxy = E372C0A1255F84820059F908 /* PBXContainerItemProxy */;
		};
		E372C0AD255F84820059F908 /* PBXTargetDependency */ = {
			isa = PBXTargetDependency;
			target = E372C084255F84800059F908 /* UIDevice和UIScreen */;
			targetProxy = E372C0AC255F84820059F908 /* PBXContainerItemProxy */;
		};
/* End PBXTargetDependency section */

/* Begin PBXVariantGroup section */
		E372C091255F84800059F908 /* Main.storyboard */ = {
			isa = PBXVariantGroup;
			children = (
				E372C092255F84800059F908 /* Base */,
			);
			name = Main.storyboard;
			sourceTree = "<group>";
		};
		E372C096255F84810059F908 /* LaunchScreen.storyboard */ = {
			isa = PBXVariantGroup;
			children = (
				E372C097255F84810059F908 /* Base */,
			);
			name = LaunchScreen.storyboard;
			sourceTree = "<group>";
		};
/* End PBXVariantGroup section */

/* Begin XCBuildConfiguration section */
		E372C0B2255F84820059F908 /* Debug */ = {
			isa = XCBuildConfiguration;
			buildSettings = {
				ALWAYS_SEARCH_USER_PATHS = NO;
				CLANG_ANALYZER_NONNULL = YES;
				CLANG_ANALYZER_NUMBER_OBJECT_CONVERSION = YES_AGGRESSIVE;
				CLANG_CXX_LANGUAGE_STANDARD = "gnu++14";
				CLANG_CXX_LIBRARY = "libc++";
				CLANG_ENABLE_MODULES = YES;
				CLANG_ENABLE_OBJC_ARC = YES;
				CLANG_ENABLE_OBJC_WEAK = YES;
				CLANG_WARN_BLOCK_CAPTURE_AUTORELEASING = YES;
				CLANG_WARN_BOOL_CONVERSION = YES;
				CLANG_WARN_COMMA = YES;
				CLANG_WARN_CONSTANT_CONVERSION = YES;
				CLANG_WARN_DEPRECATED_OBJC_IMPLEMENTATIONS = YES;
				CLANG_WARN_DIRECT_OBJC_ISA_USAGE = YES_ERROR;
				CLANG_WARN_DOCUMENTATION_COMMENTS = YES;
				CLANG_WARN_EMPTY_BODY = YES;
				CLANG_WARN_ENUM_CONVERSION = YES;
				CLANG_WARN_INFINITE_RECURSION = YES;
				CLANG_WARN_INT_CONVERSION = YES;
				CLANG_WARN_NON_LITERAL_NULL_CONVERSION = YES;
				CLANG_WARN_OBJC_IMPLICIT_RETAIN_SELF = YES;
				CLANG_WARN_OBJC_LITERAL_CONVERSION = YES;
				CLANG_WARN_OBJC_ROOT_CLASS = YES_ERROR;
				CLANG_WARN_RANGE_LOOP_ANALYSIS = YES;
				CLANG_WARN_STRICT_PROTOTYPES = YES;
				CLANG_WARN_SUSPICIOUS_MOVE = YES;
				CLANG_WARN_UNGUARDED_AVAILABILITY = YES_AGGRESSIVE;
				CLANG_WARN_UNREACHABLE_CODE = YES;
				CLANG_WARN__DUPLICATE_METHOD_MATCH = YES;
				COPY_PHASE_STRIP = NO;
				DEBUG_INFORMATION_FORMAT = dwarf;
				ENABLE_STRICT_OBJC_MSGSEND = YES;
				ENABLE_TESTABILITY = YES;
				GCC_C_LANGUAGE_STANDARD = gnu11;
				GCC_DYNAMIC_NO_PIC = NO;
				GCC_NO_COMMON_BLOCKS = YES;
				GCC_OPTIMIZATION_LEVEL = 0;
				GCC_PREPROCESSOR_DEFINITIONS = (
					"DEBUG=1",
					"$(inherited)",
				);
				GCC_WARN_64_TO_32_BIT_CONVERSION = YES;
				GCC_WARN_ABOUT_RETURN_TYPE = YES_ERROR;
				GCC_WARN_UNDECLARED_SELECTOR = YES;
				GCC_WARN_UNINITIALIZED_AUTOS = YES_AGGRESSIVE;
				GCC_WARN_UNUSED_FUNCTION = YES;
				GCC_WARN_UNUSED_VARIABLE = YES;
				IPHONEOS_DEPLOYMENT_TARGET = 13.5;
				MTL_ENABLE_DEBUG_INFO = INCLUDE_SOURCE;
				MTL_FAST_MATH = YES;
				ONLY_ACTIVE_ARCH = YES;
				SDKROOT = iphoneos;
			};
			name = Debug;
		};
		E372C0B3255F84820059F908 /* Release */ = {
			isa = XCBuildConfiguration;
			buildSettings = {
				ALWAYS_SEARCH_USER_PATHS = NO;
				CLANG_ANALYZER_NONNULL = YES;
				CLANG_ANALYZER_NUMBER_OBJECT_CONVERSION = YES_AGGRESSIVE;
				CLANG_CXX_LANGUAGE_STANDARD = "gnu++14";
				CLANG_CXX_LIBRARY = "libc++";
				CLANG_ENABLE_MODULES = YES;
				CLANG_ENABLE_OBJC_ARC = YES;
				CLANG_ENABLE_OBJC_WEAK = YES;
				CLANG_WARN_BLOCK_CAPTURE_AUTORELEASING = YES;
				CLANG_WARN_BOOL_CONVERSION = YES;
				CLANG_WARN_COMMA = YES;
				CLANG_WARN_CONSTANT_CONVERSION = YES;
				CLANG_WARN_DEPRECATED_OBJC_IMPLEMENTATIONS = YES;
				CLANG_WARN_DIRECT_OBJC_ISA_USAGE = YES_ERROR;
				CLANG_WARN_DOCUMENTATION_COMMENTS = YES;
				CLANG_WARN_EMPTY_BODY = YES;
				CLANG_WARN_ENUM_CONVERSION = YES;
				CLANG_WARN_INFINITE_RECURSION = YES;
				CLANG_WARN_INT_CONVERSION = YES;
				CLANG_WARN_NON_LITERAL_NULL_CONVERSION = YES;
				CLANG_WARN_OBJC_IMPLICIT_RETAIN_SELF = YES;
				CLANG_WARN_OBJC_LITERAL_CONVERSION = YES;
				CLANG_WARN_OBJC_ROOT_CLASS = YES_ERROR;
				CLANG_WARN_RANGE_LOOP_ANALYSIS = YES;
				CLANG_WARN_STRICT_PROTOTYPES = YES;
				CLANG_WARN_SUSPICIOUS_MOVE = YES;
				CLANG_WARN_UNGUARDED_AVAILABILITY = YES_AGGRESSIVE;
				CLANG_WARN_UNREACHABLE_CODE = YES;
				CLANG_WARN__DUPLICATE_METHOD_MATCH = YES;
				COPY_PHASE_STRIP = NO;
				DEBUG_INFORMATION_FORMAT = "dwarf-with-dsym";
				ENABLE_NS_ASSERTIONS = NO;
				ENABLE_STRICT_OBJC_MSGSEND = YES;
				GCC_C_LANGUAGE_STANDARD = gnu11;
				GCC_NO_COMMON_BLOCKS = YES;
				GCC_WARN_64_TO_32_BIT_CONVERSION = YES;
				GCC_WARN_ABOUT_RETURN_TYPE = YES_ERROR;
				GCC_WARN_UNDECLARED_SELECTOR = YES;
				GCC_WARN_UNINITIALIZED_AUTOS = YES_AGGRESSIVE;
				GCC_WARN_UNUSED_FUNCTION = YES;
				GCC_WARN_UNUSED_VARIABLE = YES;
				IPHONEOS_DEPLOYMENT_TARGET = 13.5;
				MTL_ENABLE_DEBUG_INFO = NO;
				MTL_FAST_MATH = YES;
				SDKROOT = iphoneos;
				VALIDATE_PRODUCT = YES;
			};
			name = Release;
		};
		E372C0B5255F84820059F908 /* Debug */ = {
			isa = XCBuildConfiguration;
			buildSettings = {
				ASSETCATALOG_COMPILER_APPICON_NAME = AppIcon;
				CODE_SIGN_STYLE = Automatic;
				DEVELOPMENT_TEAM = 4WG7PLUDH8;
				INFOPLIST_FILE = "UIDevice和UIScreen/Info.plist";
				LD_RUNPATH_SEARCH_PATHS = (
					"$(inherited)",
					"@executable_path/Frameworks",
				);
				PRODUCT_BUNDLE_IDENTIFIER = "com.kpl.UIDevice-UIScreen";
				PRODUCT_NAME = "$(TARGET_NAME)";
				TARGETED_DEVICE_FAMILY = "1,2";
			};
			name = Debug;
		};
		E372C0B6255F84820059F908 /* Release */ = {
			isa = XCBuildConfiguration;
			buildSettings = {
				ASSETCATALOG_COMPILER_APPICON_NAME = AppIcon;
				CODE_SIGN_STYLE = Automatic;
				DEVELOPMENT_TEAM = 4WG7PLUDH8;
				INFOPLIST_FILE = "UIDevice和UIScreen/Info.plist";
				LD_RUNPATH_SEARCH_PATHS = (
					"$(inherited)",
					"@executable_path/Frameworks",
				);
				PRODUCT_BUNDLE_IDENTIFIER = "com.kpl.UIDevice-UIScreen";
				PRODUCT_NAME = "$(TARGET_NAME)";
				TARGETED_DEVICE_FAMILY = "1,2";
			};
			name = Release;
		};
		E372C0B8255F84820059F908 /* Debug */ = {
			isa = XCBuildConfiguration;
			buildSettings = {
				BUNDLE_LOADER = "$(TEST_HOST)";
				CODE_SIGN_STYLE = Automatic;
				DEVELOPMENT_TEAM = 4WG7PLUDH8;
				INFOPLIST_FILE = "UIDevice和UIScreenTests/Info.plist";
				IPHONEOS_DEPLOYMENT_TARGET = 13.5;
				LD_RUNPATH_SEARCH_PATHS = (
					"$(inherited)",
					"@executable_path/Frameworks",
					"@loader_path/Frameworks",
				);
				PRODUCT_BUNDLE_IDENTIFIER = "com.kpl.UIDevice-UIScreenTests";
				PRODUCT_NAME = "$(TARGET_NAME)";
				TARGETED_DEVICE_FAMILY = "1,2";
				TEST_HOST = "$(BUILT_PRODUCTS_DIR)/UIDevice和UIScreen.app/UIDevice和UIScreen";
			};
			name = Debug;
		};
		E372C0B9255F84820059F908 /* Release */ = {
			isa = XCBuildConfiguration;
			buildSettings = {
				BUNDLE_LOADER = "$(TEST_HOST)";
				CODE_SIGN_STYLE = Automatic;
				DEVELOPMENT_TEAM = 4WG7PLUDH8;
				INFOPLIST_FILE = "UIDevice和UIScreenTests/Info.plist";
				IPHONEOS_DEPLOYMENT_TARGET = 13.5;
				LD_RUNPATH_SEARCH_PATHS = (
					"$(inherited)",
					"@executable_path/Frameworks",
					"@loader_path/Frameworks",
				);
				PRODUCT_BUNDLE_IDENTIFIER = "com.kpl.UIDevice-UIScreenTests";
				PRODUCT_NAME = "$(TARGET_NAME)";
				TARGETED_DEVICE_FAMILY = "1,2";
				TEST_HOST = "$(BUILT_PRODUCTS_DIR)/UIDevice和UIScreen.app/UIDevice和UIScreen";
			};
			name = Release;
		};
		E372C0BB255F84820059F908 /* Debug */ = {
			isa = XCBuildConfiguration;
			buildSettings = {
				CODE_SIGN_STYLE = Automatic;
				DEVELOPMENT_TEAM = 4WG7PLUDH8;
				INFOPLIST_FILE = "UIDevice和UIScreenUITests/Info.plist";
				LD_RUNPATH_SEARCH_PATHS = (
					"$(inherited)",
					"@executable_path/Frameworks",
					"@loader_path/Frameworks",
				);
				PRODUCT_BUNDLE_IDENTIFIER = "com.kpl.UIDevice-UIScreenUITests";
				PRODUCT_NAME = "$(TARGET_NAME)";
				TARGETED_DEVICE_FAMILY = "1,2";
				TEST_TARGET_NAME = "UIDevice和UIScreen";
			};
			name = Debug;
		};
		E372C0BC255F84820059F908 /* Release */ = {
			isa = XCBuildConfiguration;
			buildSettings = {
				CODE_SIGN_STYLE = Automatic;
				DEVELOPMENT_TEAM = 4WG7PLUDH8;
				INFOPLIST_FILE = "UIDevice和UIScreenUITests/Info.plist";
				LD_RUNPATH_SEARCH_PATHS = (
					"$(inherited)",
					"@executable_path/Frameworks",
					"@loader_path/Frameworks",
				);
				PRODUCT_BUNDLE_IDENTIFIER = "com.kpl.UIDevice-UIScreenUITests";
				PRODUCT_NAME = "$(TARGET_NAME)";
				TARGETED_DEVICE_FAMILY = "1,2";
				TEST_TARGET_NAME = "UIDevice和UIScreen";
			};
			name = Release;
		};
/* End XCBuildConfiguration section */

/* Begin XCConfigurationList section */
		E372C080255F84800059F908 /* Build configuration list for PBXProject "UIDevice和UIScreen" */ = {
			isa = XCConfigurationList;
			buildConfigurations = (
				E372C0B2255F84820059F908 /* Debug */,
				E372C0B3255F84820059F908 /* Release */,
			);
			defaultConfigurationIsVisible = 0;
			defaultConfigurationName = Release;
		};
		E372C0B4255F84820059F908 /* Build configuration list for PBXNativeTarget "UIDevice和UIScreen" */ = {
			isa = XCConfigurationList;
			buildConfigurations = (
				E372C0B5255F84820059F908 /* Debug */,
				E372C0B6255F84820059F908 /* Release */,
			);
			defaultConfigurationIsVisible = 0;
			defaultConfigurationName = Release;
		};
		E372C0B7255F84820059F908 /* Build configuration list for PBXNativeTarget "UIDevice和UIScreenTests" */ = {
			isa = XCConfigurationList;
			buildConfigurations = (
				E372C0B8255F84820059F908 /* Debug */,
				E372C0B9255F84820059F908 /* Release */,
			);
			defaultConfigurationIsVisible = 0;
			defaultConfigurationName = Release;
		};
		E372C0BA255F84820059F908 /* Build configuration list for PBXNativeTarget "UIDevice和UIScreenUITests" */ = {
			isa = XCConfigurationList;
			buildConfigurations = (
				E372C0BB255F84820059F908 /* Debug */,
				E372C0BC255F84820059F908 /* Release */,
			);
			defaultConfigurationIsVisible = 0;
			defaultConfigurationName = Release;
		};
/* End XCConfigurationList section */
	};
	rootObject = E372C07D255F84800059F908 /* Project object */;
}
