// !$*UTF8*$!
{
	archiveVersion = 1;
	classes = {
	};
	objectVersion = 50;
	objects = {

/* Begin PBXBuildFile section */
		E372BE68255D42310059F908 /* AppDelegate.m in Sources */ = {isa = PBXBuildFile; fileRef = E372BE67255D42310059F908 /* AppDelegate.m */; };
		E372BE6B255D42310059F908 /* SceneDelegate.m in Sources */ = {isa = PBXBuildFile; fileRef = E372BE6A255D42310059F908 /* SceneDelegate.m */; };
		E372BE6E255D42310059F908 /* ViewController.m in Sources */ = {isa = PBXBuildFile; fileRef = E372BE6D255D42310059F908 /* ViewController.m */; };
		E372BE71255D42310059F908 /* Main.storyboard in Resources */ = {isa = PBXBuildFile; fileRef = E372BE6F255D42310059F908 /* Main.storyboard */; };
		E372BE73255D42340059F908 /* Assets.xcassets in Resources */ = {isa = PBXBuildFile; fileRef = E372BE72255D42340059F908 /* Assets.xcassets */; };
		E372BE76255D42340059F908 /* LaunchScreen.storyboard in Resources */ = {isa = PBXBuildFile; fileRef = E372BE74255D42340059F908 /* LaunchScreen.storyboard */; };
		E372BE79255D42340059F908 /* main.m in Sources */ = {isa = PBXBuildFile; fileRef = E372BE78255D42340059F908 /* main.m */; };
		E372BE83255D42340059F908 /* UITabBarControllerTests.m in Sources */ = {isa = PBXBuildFile; fileRef = E372BE82255D42340059F908 /* UITabBarControllerTests.m */; };
		E372BE8E255D42340059F908 /* UITabBarControllerUITests.m in Sources */ = {isa = PBXBuildFile; fileRef = E372BE8D255D42340059F908 /* UITabBarControllerUITests.m */; };
		E372BE9D255D42770059F908 /* FirstViewController.m in Sources */ = {isa = PBXBuildFile; fileRef = E372BE9C255D42770059F908 /* FirstViewController.m */; };
		E372BEA0255D428B0059F908 /* SecondViewController.m in Sources */ = {isa = PBXBuildFile; fileRef = E372BE9F255D428B0059F908 /* SecondViewController.m */; };
		E372BEA3255D429C0059F908 /* ThirdViewController.m in Sources */ = {isa = PBXBuildFile; fileRef = E372BEA2255D429C0059F908 /* ThirdViewController.m */; };
/* End PBXBuildFile section */

/* Begin PBXContainerItemProxy section */
		E372BE7F255D42340059F908 /* PBXContainerItemProxy */ = {
			isa = PBXContainerItemProxy;
			containerPortal = E372BE5B255D42310059F908 /* Project object */;
			proxyType = 1;
			remoteGlobalIDString = E372BE62255D42310059F908;
			remoteInfo = UITabBarController;
		};
		E372BE8A255D42340059F908 /* PBXContainerItemProxy */ = {
			isa = PBXContainerItemProxy;
			containerPortal = E372BE5B255D42310059F908 /* Project object */;
			proxyType = 1;
			remoteGlobalIDString = E372BE62255D42310059F908;
			remoteInfo = UITabBarController;
		};
/* End PBXContainerItemProxy section */

/* Begin PBXFileReference section */
		E372BE63255D42310059F908 /* UITabBarController.app */ = {isa = PBXFileReference; explicitFileType = wrapper.application; includeInIndex = 0; path = UITabBarController.app; sourceTree = BUILT_PRODUCTS_DIR; };
		E372BE66255D42310059F908 /* AppDelegate.h */ = {isa = PBXFileReference; lastKnownFileType = sourcecode.c.h; path = AppDelegate.h; sourceTree = "<group>"; };
		E372BE67255D42310059F908 /* AppDelegate.m */ = {isa = PBXFileReference; lastKnownFileType = sourcecode.c.objc; path = AppDelegate.m; sourceTree = "<group>"; };
		E372BE69255D42310059F908 /* SceneDelegate.h */ = {isa = PBXFileReference; lastKnownFileType = sourcecode.c.h; path = SceneDelegate.h; sourceTree = "<group>"; };
		E372BE6A255D42310059F908 /* SceneDelegate.m */ = {isa = PBXFileReference; lastKnownFileType = sourcecode.c.objc; path = SceneDelegate.m; sourceTree = "<group>"; };
		E372BE6C255D42310059F908 /* ViewController.h */ = {isa = PBXFileReference; lastKnownFileType = sourcecode.c.h; path = ViewController.h; sourceTree = "<group>"; };
		E372BE6D255D42310059F908 /* ViewController.m */ = {isa = PBXFileReference; lastKnownFileType = sourcecode.c.objc; path = ViewController.m; sourceTree = "<group>"; };
		E372BE70255D42310059F908 /* Base */ = {isa = PBXFileReference; lastKnownFileType = file.storyboard; name = Base; path = Base.lproj/Main.storyboard; sourceTree = "<group>"; };
		E372BE72255D42340059F908 /* Assets.xcassets */ = {isa = PBXFileReference; lastKnownFileType = folder.assetcatalog; path = Assets.xcassets; sourceTree = "<group>"; };
		E372BE75255D42340059F908 /* Base */ = {isa = PBXFileReference; lastKnownFileType = file.storyboard; name = Base; path = Base.lproj/LaunchScreen.storyboard; sourceTree = "<group>"; };
		E372BE77255D42340059F908 /* Info.plist */ = {isa = PBXFileReference; lastKnownFileType = text.plist.xml; path = Info.plist; sourceTree = "<group>"; };
		E372BE78255D42340059F908 /* main.m */ = {isa = PBXFileReference; lastKnownFileType = sourcecode.c.objc; path = main.m; sourceTree = "<group>"; };
		E372BE7E255D42340059F908 /* UITabBarControllerTests.xctest */ = {isa = PBXFileReference; explicitFileType = wrapper.cfbundle; includeInIndex = 0; path = UITabBarControllerTests.xctest; sourceTree = BUILT_PRODUCTS_DIR; };
		E372BE82255D42340059F908 /* UITabBarControllerTests.m */ = {isa = PBXFileReference; lastKnownFileType = sourcecode.c.objc; path = UITabBarControllerTests.m; sourceTree = "<group>"; };
		E372BE84255D42340059F908 /* Info.plist */ = {isa = PBXFileReference; lastKnownFileType = text.plist.xml; path = Info.plist; sourceTree = "<group>"; };
		E372BE89255D42340059F908 /* UITabBarControllerUITests.xctest */ = {isa = PBXFileReference; explicitFileType = wrapper.cfbundle; includeInIndex = 0; path = UITabBarControllerUITests.xctest; sourceTree = BUILT_PRODUCTS_DIR; };
		E372BE8D255D42340059F908 /* UITabBarControllerUITests.m */ = {isa = PBXFileReference; lastKnownFileType = sourcecode.c.objc; path = UITabBarControllerUITests.m; sourceTree = "<group>"; };
		E372BE8F255D42340059F908 /* Info.plist */ = {isa = PBXFileReference; lastKnownFileType = text.plist.xml; path = Info.plist; sourceTree = "<group>"; };
		E372BE9B255D42770059F908 /* FirstViewController.h */ = {isa = PBXFileReference; lastKnownFileType = sourcecode.c.h; path = FirstViewController.h; sourceTree = "<group>"; };
		E372BE9C255D42770059F908 /* FirstViewController.m */ = {isa = PBXFileReference; lastKnownFileType = sourcecode.c.objc; path = FirstViewController.m; sourceTree = "<group>"; };
		E372BE9E255D428B0059F908 /* SecondViewController.h */ = {isa = PBXFileReference; lastKnownFileType = sourcecode.c.h; path = SecondViewController.h; sourceTree = "<group>"; };
		E372BE9F255D428B0059F908 /* SecondViewController.m */ = {isa = PBXFileReference; lastKnownFileType = sourcecode.c.objc; path = SecondViewController.m; sourceTree = "<group>"; };
		E372BEA1255D429C0059F908 /* ThirdViewController.h */ = {isa = PBXFileReference; lastKnownFileType = sourcecode.c.h; path = ThirdViewController.h; sourceTree = "<group>"; };
		E372BEA2255D429C0059F908 /* ThirdViewController.m */ = {isa = PBXFileReference; lastKnownFileType = sourcecode.c.objc; path = ThirdViewController.m; sourceTree = "<group>"; };
/* End PBXFileReference section */

/* Begin PBXFrameworksBuildPhase section */
		E372BE60255D42310059F908 /* Frameworks */ = {
			isa = PBXFrameworksBuildPhase;
			buildActionMask = 2147483647;
			files = (
			);
			runOnlyForDeploymentPostprocessing = 0;
		};
		E372BE7B255D42340059F908 /* Frameworks */ = {
			isa = PBXFrameworksBuildPhase;
			buildActionMask = 2147483647;
			files = (
			);
			runOnlyForDeploymentPostprocessing = 0;
		};
		E372BE86255D42340059F908 /* Frameworks */ = {
			isa = PBXFrameworksBuildPhase;
			buildActionMask = 2147483647;
			files = (
			);
			runOnlyForDeploymentPostprocessing = 0;
		};
/* End PBXFrameworksBuildPhase section */

/* Begin PBXGroup section */
		E372BE5A255D42310059F908 = {
			isa = PBXGroup;
			children = (
				E372BE65255D42310059F908 /* UITabBarController */,
				E372BE81255D42340059F908 /* UITabBarControllerTests */,
				E372BE8C255D42340059F908 /* UITabBarControllerUITests */,
				E372BE64255D42310059F908 /* Products */,
			);
			sourceTree = "<group>";
		};
		E372BE64255D42310059F908 /* Products */ = {
			isa = PBXGroup;
			children = (
				E372BE63255D42310059F908 /* UITabBarController.app */,
				E372BE7E255D42340059F908 /* UITabBarControllerTests.xctest */,
				E372BE89255D42340059F908 /* UITabBarControllerUITests.xctest */,
			);
			name = Products;
			sourceTree = "<group>";
		};
		E372BE65255D42310059F908 /* UITabBarController */ = {
			isa = PBXGroup;
			children = (
				E372BE66255D42310059F908 /* AppDelegate.h */,
				E372BE67255D42310059F908 /* AppDelegate.m */,
				E372BE69255D42310059F908 /* SceneDelegate.h */,
				E372BE6A255D42310059F908 /* SceneDelegate.m */,
				E372BE6C255D42310059F908 /* ViewController.h */,
				E372BE6D255D42310059F908 /* ViewController.m */,
				E372BE6F255D42310059F908 /* Main.storyboard */,
				E372BE72255D42340059F908 /* Assets.xcassets */,
				E372BE74255D42340059F908 /* LaunchScreen.storyboard */,
				E372BE77255D42340059F908 /* Info.plist */,
				E372BE78255D42340059F908 /* main.m */,
				E372BE9B255D42770059F908 /* FirstViewController.h */,
				E372BE9C255D42770059F908 /* FirstViewController.m */,
				E372BE9E255D428B0059F908 /* SecondViewController.h */,
				E372BE9F255D428B0059F908 /* SecondViewController.m */,
				E372BEA1255D429C0059F908 /* ThirdViewController.h */,
				E372BEA2255D429C0059F908 /* ThirdViewController.m */,
			);
			path = UITabBarController;
			sourceTree = "<group>";
		};
		E372BE81255D42340059F908 /* UITabBarControllerTests */ = {
			isa = PBXGroup;
			children = (
				E372BE82255D42340059F908 /* UITabBarControllerTests.m */,
				E372BE84255D42340059F908 /* Info.plist */,
			);
			path = UITabBarControllerTests;
			sourceTree = "<group>";
		};
		E372BE8C255D42340059F908 /* UITabBarControllerUITests */ = {
			isa = PBXGroup;
			children = (
				E372BE8D255D42340059F908 /* UITabBarControllerUITests.m */,
				E372BE8F255D42340059F908 /* Info.plist */,
			);
			path = UITabBarControllerUITests;
			sourceTree = "<group>";
		};
/* End PBXGroup section */

/* Begin PBXNativeTarget section */
		E372BE62255D42310059F908 /* UITabBarController */ = {
			isa = PBXNativeTarget;
			buildConfigurationList = E372BE92255D42340059F908 /* Build configuration list for PBXNativeTarget "UITabBarController" */;
			buildPhases = (
				E372BE5F255D42310059F908 /* Sources */,
				E372BE60255D42310059F908 /* Frameworks */,
				E372BE61255D42310059F908 /* Resources */,
			);
			buildRules = (
			);
			dependencies = (
			);
			name = UITabBarController;
			productName = UITabBarController;
			productReference = E372BE63255D42310059F908 /* UITabBarController.app */;
			productType = "com.apple.product-type.application";
		};
		E372BE7D255D42340059F908 /* UITabBarControllerTests */ = {
			isa = PBXNativeTarget;
			buildConfigurationList = E372BE95255D42340059F908 /* Build configuration list for PBXNativeTarget "UITabBarControllerTests" */;
			buildPhases = (
				E372BE7A255D42340059F908 /* Sources */,
				E372BE7B255D42340059F908 /* Frameworks */,
				E372BE7C255D42340059F908 /* Resources */,
			);
			buildRules = (
			);
			dependencies = (
				E372BE80255D42340059F908 /* PBXTargetDependency */,
			);
			name = UITabBarControllerTests;
			productName = UITabBarControllerTests;
			productReference = E372BE7E255D42340059F908 /* UITabBarControllerTests.xctest */;
			productType = "com.apple.product-type.bundle.unit-test";
		};
		E372BE88255D42340059F908 /* UITabBarControllerUITests */ = {
			isa = PBXNativeTarget;
			buildConfigurationList = E372BE98255D42340059F908 /* Build configuration list for PBXNativeTarget "UITabBarControllerUITests" */;
			buildPhases = (
				E372BE85255D42340059F908 /* Sources */,
				E372BE86255D42340059F908 /* Frameworks */,
				E372BE87255D42340059F908 /* Resources */,
			);
			buildRules = (
			);
			dependencies = (
				E372BE8B255D42340059F908 /* PBXTargetDependency */,
			);
			name = UITabBarControllerUITests;
			productName = UITabBarControllerUITests;
			productReference = E372BE89255D42340059F908 /* UITabBarControllerUITests.xctest */;
			productType = "com.apple.product-type.bundle.ui-testing";
		};
/* End PBXNativeTarget section */

/* Begin PBXProject section */
		E372BE5B255D42310059F908 /* Project object */ = {
			isa = PBXProject;
			attributes = {
				LastUpgradeCheck = 1150;
				ORGANIZATIONNAME = edz;
				TargetAttributes = {
					E372BE62255D42310059F908 = {
						CreatedOnToolsVersion = 11.5;
					};
					E372BE7D255D42340059F908 = {
						CreatedOnToolsVersion = 11.5;
						TestTargetID = E372BE62255D42310059F908;
					};
					E372BE88255D42340059F908 = {
						CreatedOnToolsVersion = 11.5;
						TestTargetID = E372BE62255D42310059F908;
					};
				};
			};
			buildConfigurationList = E372BE5E255D42310059F908 /* Build configuration list for PBXProject "UITabBarController" */;
			compatibilityVersion = "Xcode 9.3";
			developmentRegion = en;
			hasScannedForEncodings = 0;
			knownRegions = (
				en,
				Base,
			);
			mainGroup = E372BE5A255D42310059F908;
			productRefGroup = E372BE64255D42310059F908 /* Products */;
			projectDirPath = "";
			projectRoot = "";
			targets = (
				E372BE62255D42310059F908 /* UITabBarController */,
				E372BE7D255D42340059F908 /* UITabBarControllerTests */,
				E372BE88255D42340059F908 /* UITabBarControllerUITests */,
			);
		};
/* End PBXProject section */

/* Begin PBXResourcesBuildPhase section */
		E372BE61255D42310059F908 /* Resources */ = {
			isa = PBXResourcesBuildPhase;
			buildActionMask = 2147483647;
			files = (
				E372BE76255D42340059F908 /* LaunchScreen.storyboard in Resources */,
				E372BE73255D42340059F908 /* Assets.xcassets in Resources */,
				E372BE71255D42310059F908 /* Main.storyboard in Resources */,
			);
			runOnlyForDeploymentPostprocessing = 0;
		};
		E372BE7C255D42340059F908 /* Resources */ = {
			isa = PBXResourcesBuildPhase;
			buildActionMask = 2147483647;
			files = (
			);
			runOnlyForDeploymentPostprocessing = 0;
		};
		E372BE87255D42340059F908 /* Resources */ = {
			isa = PBXResourcesBuildPhase;
			buildActionMask = 2147483647;
			files = (
			);
			runOnlyForDeploymentPostprocessing = 0;
		};
/* End PBXResourcesBuildPhase section */

/* Begin PBXSourcesBuildPhase section */
		E372BE5F255D42310059F908 /* Sources */ = {
			isa = PBXSourcesBuildPhase;
			buildActionMask = 2147483647;
			files = (
				E372BEA0255D428B0059F908 /* SecondViewController.m in Sources */,
				E372BE6E255D42310059F908 /* ViewController.m in Sources */,
				E372BE68255D42310059F908 /* AppDelegate.m in Sources */,
				E372BE9D255D42770059F908 /* FirstViewController.m in Sources */,
				E372BE79255D42340059F908 /* main.m in Sources */,
				E372BE6B255D42310059F908 /* SceneDelegate.m in Sources */,
				E372BEA3255D429C0059F908 /* ThirdViewController.m in Sources */,
			);
			runOnlyForDeploymentPostprocessing = 0;
		};
		E372BE7A255D42340059F908 /* Sources */ = {
			isa = PBXSourcesBuildPhase;
			buildActionMask = 2147483647;
			files = (
				E372BE83255D42340059F908 /* UITabBarControllerTests.m in Sources */,
			);
			runOnlyForDeploymentPostprocessing = 0;
		};
		E372BE85255D42340059F908 /* Sources */ = {
			isa = PBXSourcesBuildPhase;
			buildActionMask = 2147483647;
			files = (
				E372BE8E255D42340059F908 /* UITabBarControllerUITests.m in Sources */,
			);
			runOnlyForDeploymentPostprocessing = 0;
		};
/* End PBXSourcesBuildPhase section */

/* Begin PBXTargetDependency section */
		E372BE80255D42340059F908 /* PBXTargetDependency */ = {
			isa = PBXTargetDependency;
			target = E372BE62255D42310059F908 /* UITabBarController */;
			targetProxy = E372BE7F255D42340059F908 /* PBXContainerItemProxy */;
		};
		E372BE8B255D42340059F908 /* PBXTargetDependency */ = {
			isa = PBXTargetDependency;
			target = E372BE62255D42310059F908 /* UITabBarController */;
			targetProxy = E372BE8A255D42340059F908 /* PBXContainerItemProxy */;
		};
/* End PBXTargetDependency section */

/* Begin PBXVariantGroup section */
		E372BE6F255D42310059F908 /* Main.storyboard */ = {
			isa = PBXVariantGroup;
			children = (
				E372BE70255D42310059F908 /* Base */,
			);
			name = Main.storyboard;
			sourceTree = "<group>";
		};
		E372BE74255D42340059F908 /* LaunchScreen.storyboard */ = {
			isa = PBXVariantGroup;
			children = (
				E372BE75255D42340059F908 /* Base */,
			);
			name = LaunchScreen.storyboard;
			sourceTree = "<group>";
		};
/* End PBXVariantGroup section */

/* Begin XCBuildConfiguration section */
		E372BE90255D42340059F908 /* Debug */ = {
			isa = XCBuildConfiguration;
			buildSettings = {
				ALWAYS_SEARCH_USER_PATHS = NO;
				CLANG_ANALYZER_NONNULL = YES;
				CLANG_ANALYZER_NUMBER_OBJECT_CONVERSION = YES_AGGRESSIVE;
				CLANG_CXX_LANGUAGE_STANDARD = "gnu++14";
				CLANG_CXX_LIBRARY = "libc++";
				CLANG_ENABLE_MODULES = YES;
				CLANG_ENABLE_OBJC_ARC = YES;
				CLANG_ENABLE_OBJC_WEAK = YES;
				CLANG_WARN_BLOCK_CAPTURE_AUTORELEASING = YES;
				CLANG_WARN_BOOL_CONVERSION = YES;
				CLANG_WARN_COMMA = YES;
				CLANG_WARN_CONSTANT_CONVERSION = YES;
				CLANG_WARN_DEPRECATED_OBJC_IMPLEMENTATIONS = YES;
				CLANG_WARN_DIRECT_OBJC_ISA_USAGE = YES_ERROR;
				CLANG_WARN_DOCUMENTATION_COMMENTS = YES;
				CLANG_WARN_EMPTY_BODY = YES;
				CLANG_WARN_ENUM_CONVERSION = YES;
				CLANG_WARN_INFINITE_RECURSION = YES;
				CLANG_WARN_INT_CONVERSION = YES;
				CLANG_WARN_NON_LITERAL_NULL_CONVERSION = YES;
				CLANG_WARN_OBJC_IMPLICIT_RETAIN_SELF = YES;
				CLANG_WARN_OBJC_LITERAL_CONVERSION = YES;
				CLANG_WARN_OBJC_ROOT_CLASS = YES_ERROR;
				CLANG_WARN_RANGE_LOOP_ANALYSIS = YES;
				CLANG_WARN_STRICT_PROTOTYPES = YES;
				CLANG_WARN_SUSPICIOUS_MOVE = YES;
				CLANG_WARN_UNGUARDED_AVAILABILITY = YES_AGGRESSIVE;
				CLANG_WARN_UNREACHABLE_CODE = YES;
				CLANG_WARN__DUPLICATE_METHOD_MATCH = YES;
				COPY_PHASE_STRIP = NO;
				DEBUG_INFORMATION_FORMAT = dwarf;
				ENABLE_STRICT_OBJC_MSGSEND = YES;
				ENABLE_TESTABILITY = YES;
				GCC_C_LANGUAGE_STANDARD = gnu11;
				GCC_DYNAMIC_NO_PIC = NO;
				GCC_NO_COMMON_BLOCKS = YES;
				GCC_OPTIMIZATION_LEVEL = 0;
				GCC_PREPROCESSOR_DEFINITIONS = (
					"DEBUG=1",
					"$(inherited)",
				);
				GCC_WARN_64_TO_32_BIT_CONVERSION = YES;
				GCC_WARN_ABOUT_RETURN_TYPE = YES_ERROR;
				GCC_WARN_UNDECLARED_SELECTOR = YES;
				GCC_WARN_UNINITIALIZED_AUTOS = YES_AGGRESSIVE;
				GCC_WARN_UNUSED_FUNCTION = YES;
				GCC_WARN_UNUSED_VARIABLE = YES;
				IPHONEOS_DEPLOYMENT_TARGET = 13.5;
				MTL_ENABLE_DEBUG_INFO = INCLUDE_SOURCE;
				MTL_FAST_MATH = YES;
				ONLY_ACTIVE_ARCH = YES;
				SDKROOT = iphoneos;
			};
			name = Debug;
		};
		E372BE91255D42340059F908 /* Release */ = {
			isa = XCBuildConfiguration;
			buildSettings = {
				ALWAYS_SEARCH_USER_PATHS = NO;
				CLANG_ANALYZER_NONNULL = YES;
				CLANG_ANALYZER_NUMBER_OBJECT_CONVERSION = YES_AGGRESSIVE;
				CLANG_CXX_LANGUAGE_STANDARD = "gnu++14";
				CLANG_CXX_LIBRARY = "libc++";
				CLANG_ENABLE_MODULES = YES;
				CLANG_ENABLE_OBJC_ARC = YES;
				CLANG_ENABLE_OBJC_WEAK = YES;
				CLANG_WARN_BLOCK_CAPTURE_AUTORELEASING = YES;
				CLANG_WARN_BOOL_CONVERSION = YES;
				CLANG_WARN_COMMA = YES;
				CLANG_WARN_CONSTANT_CONVERSION = YES;
				CLANG_WARN_DEPRECATED_OBJC_IMPLEMENTATIONS = YES;
				CLANG_WARN_DIRECT_OBJC_ISA_USAGE = YES_ERROR;
				CLANG_WARN_DOCUMENTATION_COMMENTS = YES;
				CLANG_WARN_EMPTY_BODY = YES;
				CLANG_WARN_ENUM_CONVERSION = YES;
				CLANG_WARN_INFINITE_RECURSION = YES;
				CLANG_WARN_INT_CONVERSION = YES;
				CLANG_WARN_NON_LITERAL_NULL_CONVERSION = YES;
				CLANG_WARN_OBJC_IMPLICIT_RETAIN_SELF = YES;
				CLANG_WARN_OBJC_LITERAL_CONVERSION = YES;
				CLANG_WARN_OBJC_ROOT_CLASS = YES_ERROR;
				CLANG_WARN_RANGE_LOOP_ANALYSIS = YES;
				CLANG_WARN_STRICT_PROTOTYPES = YES;
				CLANG_WARN_SUSPICIOUS_MOVE = YES;
				CLANG_WARN_UNGUARDED_AVAILABILITY = YES_AGGRESSIVE;
				CLANG_WARN_UNREACHABLE_CODE = YES;
				CLANG_WARN__DUPLICATE_METHOD_MATCH = YES;
				COPY_PHASE_STRIP = NO;
				DEBUG_INFORMATION_FORMAT = "dwarf-with-dsym";
				ENABLE_NS_ASSERTIONS = NO;
				ENABLE_STRICT_OBJC_MSGSEND = YES;
				GCC_C_LANGUAGE_STANDARD = gnu11;
				GCC_NO_COMMON_BLOCKS = YES;
				GCC_WARN_64_TO_32_BIT_CONVERSION = YES;
				GCC_WARN_ABOUT_RETURN_TYPE = YES_ERROR;
				GCC_WARN_UNDECLARED_SELECTOR = YES;
				GCC_WARN_UNINITIALIZED_AUTOS = YES_AGGRESSIVE;
				GCC_WARN_UNUSED_FUNCTION = YES;
				GCC_WARN_UNUSED_VARIABLE = YES;
				IPHONEOS_DEPLOYMENT_TARGET = 13.5;
				MTL_ENABLE_DEBUG_INFO = NO;
				MTL_FAST_MATH = YES;
				SDKROOT = iphoneos;
				VALIDATE_PRODUCT = YES;
			};
			name = Release;
		};
		E372BE93255D42340059F908 /* Debug */ = {
			isa = XCBuildConfiguration;
			buildSettings = {
				ASSETCATALOG_COMPILER_APPICON_NAME = AppIcon;
				CODE_SIGN_STYLE = Automatic;
				DEVELOPMENT_TEAM = 4WG7PLUDH8;
				INFOPLIST_FILE = UITabBarController/Info.plist;
				LD_RUNPATH_SEARCH_PATHS = (
					"$(inherited)",
					"@executable_path/Frameworks",
				);
				PRODUCT_BUNDLE_IDENTIFIER = com.kpl.UITabBarController;
				PRODUCT_NAME = "$(TARGET_NAME)";
				TARGETED_DEVICE_FAMILY = "1,2";
			};
			name = Debug;
		};
		E372BE94255D42340059F908 /* Release */ = {
			isa = XCBuildConfiguration;
			buildSettings = {
				ASSETCATALOG_COMPILER_APPICON_NAME = AppIcon;
				CODE_SIGN_STYLE = Automatic;
				DEVELOPMENT_TEAM = 4WG7PLUDH8;
				INFOPLIST_FILE = UITabBarController/Info.plist;
				LD_RUNPATH_SEARCH_PATHS = (
					"$(inherited)",
					"@executable_path/Frameworks",
				);
				PRODUCT_BUNDLE_IDENTIFIER = com.kpl.UITabBarController;
				PRODUCT_NAME = "$(TARGET_NAME)";
				TARGETED_DEVICE_FAMILY = "1,2";
			};
			name = Release;
		};
		E372BE96255D42340059F908 /* Debug */ = {
			isa = XCBuildConfiguration;
			buildSettings = {
				BUNDLE_LOADER = "$(TEST_HOST)";
				CODE_SIGN_STYLE = Automatic;
				DEVELOPMENT_TEAM = 4WG7PLUDH8;
				INFOPLIST_FILE = UITabBarControllerTests/Info.plist;
				IPHONEOS_DEPLOYMENT_TARGET = 13.5;
				LD_RUNPATH_SEARCH_PATHS = (
					"$(inherited)",
					"@executable_path/Frameworks",
					"@loader_path/Frameworks",
				);
				PRODUCT_BUNDLE_IDENTIFIER = com.kpl.UITabBarControllerTests;
				PRODUCT_NAME = "$(TARGET_NAME)";
				TARGETED_DEVICE_FAMILY = "1,2";
				TEST_HOST = "$(BUILT_PRODUCTS_DIR)/UITabBarController.app/UITabBarController";
			};
			name = Debug;
		};
		E372BE97255D42340059F908 /* Release */ = {
			isa = XCBuildConfiguration;
			buildSettings = {
				BUNDLE_LOADER = "$(TEST_HOST)";
				CODE_SIGN_STYLE = Automatic;
				DEVELOPMENT_TEAM = 4WG7PLUDH8;
				INFOPLIST_FILE = UITabBarControllerTests/Info.plist;
				IPHONEOS_DEPLOYMENT_TARGET = 13.5;
				LD_RUNPATH_SEARCH_PATHS = (
					"$(inherited)",
					"@executable_path/Frameworks",
					"@loader_path/Frameworks",
				);
				PRODUCT_BUNDLE_IDENTIFIER = com.kpl.UITabBarControllerTests;
				PRODUCT_NAME = "$(TARGET_NAME)";
				TARGETED_DEVICE_FAMILY = "1,2";
				TEST_HOST = "$(BUILT_PRODUCTS_DIR)/UITabBarController.app/UITabBarController";
			};
			name = Release;
		};
		E372BE99255D42340059F908 /* Debug */ = {
			isa = XCBuildConfiguration;
			buildSettings = {
				CODE_SIGN_STYLE = Automatic;
				DEVELOPMENT_TEAM = 4WG7PLUDH8;
				INFOPLIST_FILE = UITabBarControllerUITests/Info.plist;
				LD_RUNPATH_SEARCH_PATHS = (
					"$(inherited)",
					"@executable_path/Frameworks",
					"@loader_path/Frameworks",
				);
				PRODUCT_BUNDLE_IDENTIFIER = com.kpl.UITabBarControllerUITests;
				PRODUCT_NAME = "$(TARGET_NAME)";
				TARGETED_DEVICE_FAMILY = "1,2";
				TEST_TARGET_NAME = UITabBarController;
			};
			name = Debug;
		};
		E372BE9A255D42340059F908 /* Release */ = {
			isa = XCBuildConfiguration;
			buildSettings = {
				CODE_SIGN_STYLE = Automatic;
				DEVELOPMENT_TEAM = 4WG7PLUDH8;
				INFOPLIST_FILE = UITabBarControllerUITests/Info.plist;
				LD_RUNPATH_SEARCH_PATHS = (
					"$(inherited)",
					"@executable_path/Frameworks",
					"@loader_path/Frameworks",
				);
				PRODUCT_BUNDLE_IDENTIFIER = com.kpl.UITabBarControllerUITests;
				PRODUCT_NAME = "$(TARGET_NAME)";
				TARGETED_DEVICE_FAMILY = "1,2";
				TEST_TARGET_NAME = UITabBarController;
			};
			name = Release;
		};
/* End XCBuildConfiguration section */

/* Begin XCConfigurationList section */
		E372BE5E255D42310059F908 /* Build configuration list for PBXProject "UITabBarController" */ = {
			isa = XCConfigurationList;
			buildConfigurations = (
				E372BE90255D42340059F908 /* Debug */,
				E372BE91255D42340059F908 /* Release */,
			);
			defaultConfigurationIsVisible = 0;
			defaultConfigurationName = Release;
		};
		E372BE92255D42340059F908 /* Build configuration list for PBXNativeTarget "UITabBarController" */ = {
			isa = XCConfigurationList;
			buildConfigurations = (
				E372BE93255D42340059F908 /* Debug */,
				E372BE94255D42340059F908 /* Release */,
			);
			defaultConfigurationIsVisible = 0;
			defaultConfigurationName = Release;
		};
		E372BE95255D42340059F908 /* Build configuration list for PBXNativeTarget "UITabBarControllerTests" */ = {
			isa = XCConfigurationList;
			buildConfigurations = (
				E372BE96255D42340059F908 /* Debug */,
				E372BE97255D42340059F908 /* Release */,
			);
			defaultConfigurationIsVisible = 0;
			defaultConfigurationName = Release;
		};
		E372BE98255D42340059F908 /* Build configuration list for PBXNativeTarget "UITabBarControllerUITests" */ = {
			isa = XCConfigurationList;
			buildConfigurations = (
				E372BE99255D42340059F908 /* Debug */,
				E372BE9A255D42340059F908 /* Release */,
			);
			defaultConfigurationIsVisible = 0;
			defaultConfigurationName = Release;
		};
/* End XCConfigurationList section */
	};
	rootObject = E372BE5B255D42310059F908 /* Project object */;
}
