// !$*UTF8*$!
{
	archiveVersion = 1;
	classes = {
	};
	objectVersion = 50;
	objects = {

/* Begin PBXBuildFile section */
		E372C1B02564CA8B0059F908 /* AppDelegate.m in Sources */ = {isa = PBXBuildFile; fileRef = E372C1AF2564CA8B0059F908 /* AppDelegate.m */; };
		E372C1B32564CA8B0059F908 /* SceneDelegate.m in Sources */ = {isa = PBXBuildFile; fileRef = E372C1B22564CA8B0059F908 /* SceneDelegate.m */; };
		E372C1B62564CA8B0059F908 /* ViewController.m in Sources */ = {isa = PBXBuildFile; fileRef = E372C1B52564CA8B0059F908 /* ViewController.m */; };
		E372C1B92564CA8B0059F908 /* Main.storyboard in Resources */ = {isa = PBXBuildFile; fileRef = E372C1B72564CA8B0059F908 /* Main.storyboard */; };
		E372C1BB2564CA8D0059F908 /* Assets.xcassets in Resources */ = {isa = PBXBuildFile; fileRef = E372C1BA2564CA8D0059F908 /* Assets.xcassets */; };
		E372C1BE2564CA8D0059F908 /* LaunchScreen.storyboard in Resources */ = {isa = PBXBuildFile; fileRef = E372C1BC2564CA8D0059F908 /* LaunchScreen.storyboard */; };
		E372C1C12564CA8D0059F908 /* main.m in Sources */ = {isa = PBXBuildFile; fileRef = E372C1C02564CA8D0059F908 /* main.m */; };
		E372C1CB2564CA8D0059F908 /* ____Tests.m in Sources */ = {isa = PBXBuildFile; fileRef = E372C1CA2564CA8D0059F908 /* ____Tests.m */; };
		E372C1D62564CA8D0059F908 /* ____UITests.m in Sources */ = {isa = PBXBuildFile; fileRef = E372C1D52564CA8D0059F908 /* ____UITests.m */; };
/* End PBXBuildFile section */

/* Begin PBXContainerItemProxy section */
		E372C1C72564CA8D0059F908 /* PBXContainerItemProxy */ = {
			isa = PBXContainerItemProxy;
			containerPortal = E372C1A32564CA8B0059F908 /* Project object */;
			proxyType = 1;
			remoteGlobalIDString = E372C1AA2564CA8B0059F908;
			remoteInfo = "视频播放";
		};
		E372C1D22564CA8D0059F908 /* PBXContainerItemProxy */ = {
			isa = PBXContainerItemProxy;
			containerPortal = E372C1A32564CA8B0059F908 /* Project object */;
			proxyType = 1;
			remoteGlobalIDString = E372C1AA2564CA8B0059F908;
			remoteInfo = "视频播放";
		};
/* End PBXContainerItemProxy section */

/* Begin PBXFileReference section */
		E372C1AB2564CA8B0059F908 /* 视频播放.app */ = {isa = PBXFileReference; explicitFileType = wrapper.application; includeInIndex = 0; path = "视频播放.app"; sourceTree = BUILT_PRODUCTS_DIR; };
		E372C1AE2564CA8B0059F908 /* AppDelegate.h */ = {isa = PBXFileReference; lastKnownFileType = sourcecode.c.h; path = AppDelegate.h; sourceTree = "<group>"; };
		E372C1AF2564CA8B0059F908 /* AppDelegate.m */ = {isa = PBXFileReference; lastKnownFileType = sourcecode.c.objc; path = AppDelegate.m; sourceTree = "<group>"; };
		E372C1B12564CA8B0059F908 /* SceneDelegate.h */ = {isa = PBXFileReference; lastKnownFileType = sourcecode.c.h; path = SceneDelegate.h; sourceTree = "<group>"; };
		E372C1B22564CA8B0059F908 /* SceneDelegate.m */ = {isa = PBXFileReference; lastKnownFileType = sourcecode.c.objc; path = SceneDelegate.m; sourceTree = "<group>"; };
		E372C1B42564CA8B0059F908 /* ViewController.h */ = {isa = PBXFileReference; lastKnownFileType = sourcecode.c.h; path = ViewController.h; sourceTree = "<group>"; };
		E372C1B52564CA8B0059F908 /* ViewController.m */ = {isa = PBXFileReference; lastKnownFileType = sourcecode.c.objc; path = ViewController.m; sourceTree = "<group>"; };
		E372C1B82564CA8B0059F908 /* Base */ = {isa = PBXFileReference; lastKnownFileType = file.storyboard; name = Base; path = Base.lproj/Main.storyboard; sourceTree = "<group>"; };
		E372C1BA2564CA8D0059F908 /* Assets.xcassets */ = {isa = PBXFileReference; lastKnownFileType = folder.assetcatalog; path = Assets.xcassets; sourceTree = "<group>"; };
		E372C1BD2564CA8D0059F908 /* Base */ = {isa = PBXFileReference; lastKnownFileType = file.storyboard; name = Base; path = Base.lproj/LaunchScreen.storyboard; sourceTree = "<group>"; };
		E372C1BF2564CA8D0059F908 /* Info.plist */ = {isa = PBXFileReference; lastKnownFileType = text.plist.xml; path = Info.plist; sourceTree = "<group>"; };
		E372C1C02564CA8D0059F908 /* main.m */ = {isa = PBXFileReference; lastKnownFileType = sourcecode.c.objc; path = main.m; sourceTree = "<group>"; };
		E372C1C62564CA8D0059F908 /* 视频播放Tests.xctest */ = {isa = PBXFileReference; explicitFileType = wrapper.cfbundle; includeInIndex = 0; path = "视频播放Tests.xctest"; sourceTree = BUILT_PRODUCTS_DIR; };
		E372C1CA2564CA8D0059F908 /* ____Tests.m */ = {isa = PBXFileReference; lastKnownFileType = sourcecode.c.objc; path = "____Tests.m"; sourceTree = "<group>"; };
		E372C1CC2564CA8D0059F908 /* Info.plist */ = {isa = PBXFileReference; lastKnownFileType = text.plist.xml; path = Info.plist; sourceTree = "<group>"; };
		E372C1D12564CA8D0059F908 /* 视频播放UITests.xctest */ = {isa = PBXFileReference; explicitFileType = wrapper.cfbundle; includeInIndex = 0; path = "视频播放UITests.xctest"; sourceTree = BUILT_PRODUCTS_DIR; };
		E372C1D52564CA8D0059F908 /* ____UITests.m */ = {isa = PBXFileReference; lastKnownFileType = sourcecode.c.objc; path = "____UITests.m"; sourceTree = "<group>"; };
		E372C1D72564CA8D0059F908 /* Info.plist */ = {isa = PBXFileReference; lastKnownFileType = text.plist.xml; path = Info.plist; sourceTree = "<group>"; };
/* End PBXFileReference section */

/* Begin PBXFrameworksBuildPhase section */
		E372C1A82564CA8B0059F908 /* Frameworks */ = {
			isa = PBXFrameworksBuildPhase;
			buildActionMask = 2147483647;
			files = (
			);
			runOnlyForDeploymentPostprocessing = 0;
		};
		E372C1C32564CA8D0059F908 /* Frameworks */ = {
			isa = PBXFrameworksBuildPhase;
			buildActionMask = 2147483647;
			files = (
			);
			runOnlyForDeploymentPostprocessing = 0;
		};
		E372C1CE2564CA8D0059F908 /* Frameworks */ = {
			isa = PBXFrameworksBuildPhase;
			buildActionMask = 2147483647;
			files = (
			);
			runOnlyForDeploymentPostprocessing = 0;
		};
/* End PBXFrameworksBuildPhase section */

/* Begin PBXGroup section */
		E372C1A22564CA8B0059F908 = {
			isa = PBXGroup;
			children = (
				E372C1AD2564CA8B0059F908 /* 视频播放 */,
				E372C1C92564CA8D0059F908 /* 视频播放Tests */,
				E372C1D42564CA8D0059F908 /* 视频播放UITests */,
				E372C1AC2564CA8B0059F908 /* Products */,
			);
			sourceTree = "<group>";
		};
		E372C1AC2564CA8B0059F908 /* Products */ = {
			isa = PBXGroup;
			children = (
				E372C1AB2564CA8B0059F908 /* 视频播放.app */,
				E372C1C62564CA8D0059F908 /* 视频播放Tests.xctest */,
				E372C1D12564CA8D0059F908 /* 视频播放UITests.xctest */,
			);
			name = Products;
			sourceTree = "<group>";
		};
		E372C1AD2564CA8B0059F908 /* 视频播放 */ = {
			isa = PBXGroup;
			children = (
				E372C1AE2564CA8B0059F908 /* AppDelegate.h */,
				E372C1AF2564CA8B0059F908 /* AppDelegate.m */,
				E372C1B12564CA8B0059F908 /* SceneDelegate.h */,
				E372C1B22564CA8B0059F908 /* SceneDelegate.m */,
				E372C1B42564CA8B0059F908 /* ViewController.h */,
				E372C1B52564CA8B0059F908 /* ViewController.m */,
				E372C1B72564CA8B0059F908 /* Main.storyboard */,
				E372C1BA2564CA8D0059F908 /* Assets.xcassets */,
				E372C1BC2564CA8D0059F908 /* LaunchScreen.storyboard */,
				E372C1BF2564CA8D0059F908 /* Info.plist */,
				E372C1C02564CA8D0059F908 /* main.m */,
			);
			path = "视频播放";
			sourceTree = "<group>";
		};
		E372C1C92564CA8D0059F908 /* 视频播放Tests */ = {
			isa = PBXGroup;
			children = (
				E372C1CA2564CA8D0059F908 /* ____Tests.m */,
				E372C1CC2564CA8D0059F908 /* Info.plist */,
			);
			path = "视频播放Tests";
			sourceTree = "<group>";
		};
		E372C1D42564CA8D0059F908 /* 视频播放UITests */ = {
			isa = PBXGroup;
			children = (
				E372C1D52564CA8D0059F908 /* ____UITests.m */,
				E372C1D72564CA8D0059F908 /* Info.plist */,
			);
			path = "视频播放UITests";
			sourceTree = "<group>";
		};
/* End PBXGroup section */

/* Begin PBXNativeTarget section */
		E372C1AA2564CA8B0059F908 /* 视频播放 */ = {
			isa = PBXNativeTarget;
			buildConfigurationList = E372C1DA2564CA8D0059F908 /* Build configuration list for PBXNativeTarget "视频播放" */;
			buildPhases = (
				E372C1A72564CA8B0059F908 /* Sources */,
				E372C1A82564CA8B0059F908 /* Frameworks */,
				E372C1A92564CA8B0059F908 /* Resources */,
			);
			buildRules = (
			);
			dependencies = (
			);
			name = "视频播放";
			productName = "视频播放";
			productReference = E372C1AB2564CA8B0059F908 /* 视频播放.app */;
			productType = "com.apple.product-type.application";
		};
		E372C1C52564CA8D0059F908 /* 视频播放Tests */ = {
			isa = PBXNativeTarget;
			buildConfigurationList = E372C1DD2564CA8D0059F908 /* Build configuration list for PBXNativeTarget "视频播放Tests" */;
			buildPhases = (
				E372C1C22564CA8D0059F908 /* Sources */,
				E372C1C32564CA8D0059F908 /* Frameworks */,
				E372C1C42564CA8D0059F908 /* Resources */,
			);
			buildRules = (
			);
			dependencies = (
				E372C1C82564CA8D0059F908 /* PBXTargetDependency */,
			);
			name = "视频播放Tests";
			productName = "视频播放Tests";
			productReference = E372C1C62564CA8D0059F908 /* 视频播放Tests.xctest */;
			productType = "com.apple.product-type.bundle.unit-test";
		};
		E372C1D02564CA8D0059F908 /* 视频播放UITests */ = {
			isa = PBXNativeTarget;
			buildConfigurationList = E372C1E02564CA8D0059F908 /* Build configuration list for PBXNativeTarget "视频播放UITests" */;
			buildPhases = (
				E372C1CD2564CA8D0059F908 /* Sources */,
				E372C1CE2564CA8D0059F908 /* Frameworks */,
				E372C1CF2564CA8D0059F908 /* Resources */,
			);
			buildRules = (
			);
			dependencies = (
				E372C1D32564CA8D0059F908 /* PBXTargetDependency */,
			);
			name = "视频播放UITests";
			productName = "视频播放UITests";
			productReference = E372C1D12564CA8D0059F908 /* 视频播放UITests.xctest */;
			productType = "com.apple.product-type.bundle.ui-testing";
		};
/* End PBXNativeTarget section */

/* Begin PBXProject section */
		E372C1A32564CA8B0059F908 /* Project object */ = {
			isa = PBXProject;
			attributes = {
				LastUpgradeCheck = 1150;
				ORGANIZATIONNAME = edz;
				TargetAttributes = {
					E372C1AA2564CA8B0059F908 = {
						CreatedOnToolsVersion = 11.5;
					};
					E372C1C52564CA8D0059F908 = {
						CreatedOnToolsVersion = 11.5;
						TestTargetID = E372C1AA2564CA8B0059F908;
					};
					E372C1D02564CA8D0059F908 = {
						CreatedOnToolsVersion = 11.5;
						TestTargetID = E372C1AA2564CA8B0059F908;
					};
				};
			};
			buildConfigurationList = E372C1A62564CA8B0059F908 /* Build configuration list for PBXProject "视频播放" */;
			compatibilityVersion = "Xcode 9.3";
			developmentRegion = en;
			hasScannedForEncodings = 0;
			knownRegions = (
				en,
				Base,
			);
			mainGroup = E372C1A22564CA8B0059F908;
			productRefGroup = E372C1AC2564CA8B0059F908 /* Products */;
			projectDirPath = "";
			projectRoot = "";
			targets = (
				E372C1AA2564CA8B0059F908 /* 视频播放 */,
				E372C1C52564CA8D0059F908 /* 视频播放Tests */,
				E372C1D02564CA8D0059F908 /* 视频播放UITests */,
			);
		};
/* End PBXProject section */

/* Begin PBXResourcesBuildPhase section */
		E372C1A92564CA8B0059F908 /* Resources */ = {
			isa = PBXResourcesBuildPhase;
			buildActionMask = 2147483647;
			files = (
				E372C1BE2564CA8D0059F908 /* LaunchScreen.storyboard in Resources */,
				E372C1BB2564CA8D0059F908 /* Assets.xcassets in Resources */,
				E372C1B92564CA8B0059F908 /* Main.storyboard in Resources */,
			);
			runOnlyForDeploymentPostprocessing = 0;
		};
		E372C1C42564CA8D0059F908 /* Resources */ = {
			isa = PBXResourcesBuildPhase;
			buildActionMask = 2147483647;
			files = (
			);
			runOnlyForDeploymentPostprocessing = 0;
		};
		E372C1CF2564CA8D0059F908 /* Resources */ = {
			isa = PBXResourcesBuildPhase;
			buildActionMask = 2147483647;
			files = (
			);
			runOnlyForDeploymentPostprocessing = 0;
		};
/* End PBXResourcesBuildPhase section */

/* Begin PBXSourcesBuildPhase section */
		E372C1A72564CA8B0059F908 /* Sources */ = {
			isa = PBXSourcesBuildPhase;
			buildActionMask = 2147483647;
			files = (
				E372C1B62564CA8B0059F908 /* ViewController.m in Sources */,
				E372C1B02564CA8B0059F908 /* AppDelegate.m in Sources */,
				E372C1C12564CA8D0059F908 /* main.m in Sources */,
				E372C1B32564CA8B0059F908 /* SceneDelegate.m in Sources */,
			);
			runOnlyForDeploymentPostprocessing = 0;
		};
		E372C1C22564CA8D0059F908 /* Sources */ = {
			isa = PBXSourcesBuildPhase;
			buildActionMask = 2147483647;
			files = (
				E372C1CB2564CA8D0059F908 /* ____Tests.m in Sources */,
			);
			runOnlyForDeploymentPostprocessing = 0;
		};
		E372C1CD2564CA8D0059F908 /* Sources */ = {
			isa = PBXSourcesBuildPhase;
			buildActionMask = 2147483647;
			files = (
				E372C1D62564CA8D0059F908 /* ____UITests.m in Sources */,
			);
			runOnlyForDeploymentPostprocessing = 0;
		};
/* End PBXSourcesBuildPhase section */

/* Begin PBXTargetDependency section */
		E372C1C82564CA8D0059F908 /* PBXTargetDependency */ = {
			isa = PBXTargetDependency;
			target = E372C1AA2564CA8B0059F908 /* 视频播放 */;
			targetProxy = E372C1C72564CA8D0059F908 /* PBXContainerItemProxy */;
		};
		E372C1D32564CA8D0059F908 /* PBXTargetDependency */ = {
			isa = PBXTargetDependency;
			target = E372C1AA2564CA8B0059F908 /* 视频播放 */;
			targetProxy = E372C1D22564CA8D0059F908 /* PBXContainerItemProxy */;
		};
/* End PBXTargetDependency section */

/* Begin PBXVariantGroup section */
		E372C1B72564CA8B0059F908 /* Main.storyboard */ = {
			isa = PBXVariantGroup;
			children = (
				E372C1B82564CA8B0059F908 /* Base */,
			);
			name = Main.storyboard;
			sourceTree = "<group>";
		};
		E372C1BC2564CA8D0059F908 /* LaunchScreen.storyboard */ = {
			isa = PBXVariantGroup;
			children = (
				E372C1BD2564CA8D0059F908 /* Base */,
			);
			name = LaunchScreen.storyboard;
			sourceTree = "<group>";
		};
/* End PBXVariantGroup section */

/* Begin XCBuildConfiguration section */
		E372C1D82564CA8D0059F908 /* Debug */ = {
			isa = XCBuildConfiguration;
			buildSettings = {
				ALWAYS_SEARCH_USER_PATHS = NO;
				CLANG_ANALYZER_NONNULL = YES;
				CLANG_ANALYZER_NUMBER_OBJECT_CONVERSION = YES_AGGRESSIVE;
				CLANG_CXX_LANGUAGE_STANDARD = "gnu++14";
				CLANG_CXX_LIBRARY = "libc++";
				CLANG_ENABLE_MODULES = YES;
				CLANG_ENABLE_OBJC_ARC = YES;
				CLANG_ENABLE_OBJC_WEAK = YES;
				CLANG_WARN_BLOCK_CAPTURE_AUTORELEASING = YES;
				CLANG_WARN_BOOL_CONVERSION = YES;
				CLANG_WARN_COMMA = YES;
				CLANG_WARN_CONSTANT_CONVERSION = YES;
				CLANG_WARN_DEPRECATED_OBJC_IMPLEMENTATIONS = YES;
				CLANG_WARN_DIRECT_OBJC_ISA_USAGE = YES_ERROR;
				CLANG_WARN_DOCUMENTATION_COMMENTS = YES;
				CLANG_WARN_EMPTY_BODY = YES;
				CLANG_WARN_ENUM_CONVERSION = YES;
				CLANG_WARN_INFINITE_RECURSION = YES;
				CLANG_WARN_INT_CONVERSION = YES;
				CLANG_WARN_NON_LITERAL_NULL_CONVERSION = YES;
				CLANG_WARN_OBJC_IMPLICIT_RETAIN_SELF = YES;
				CLANG_WARN_OBJC_LITERAL_CONVERSION = YES;
				CLANG_WARN_OBJC_ROOT_CLASS = YES_ERROR;
				CLANG_WARN_RANGE_LOOP_ANALYSIS = YES;
				CLANG_WARN_STRICT_PROTOTYPES = YES;
				CLANG_WARN_SUSPICIOUS_MOVE = YES;
				CLANG_WARN_UNGUARDED_AVAILABILITY = YES_AGGRESSIVE;
				CLANG_WARN_UNREACHABLE_CODE = YES;
				CLANG_WARN__DUPLICATE_METHOD_MATCH = YES;
				COPY_PHASE_STRIP = NO;
				DEBUG_INFORMATION_FORMAT = dwarf;
				ENABLE_STRICT_OBJC_MSGSEND = YES;
				ENABLE_TESTABILITY = YES;
				GCC_C_LANGUAGE_STANDARD = gnu11;
				GCC_DYNAMIC_NO_PIC = NO;
				GCC_NO_COMMON_BLOCKS = YES;
				GCC_OPTIMIZATION_LEVEL = 0;
				GCC_PREPROCESSOR_DEFINITIONS = (
					"DEBUG=1",
					"$(inherited)",
				);
				GCC_WARN_64_TO_32_BIT_CONVERSION = YES;
				GCC_WARN_ABOUT_RETURN_TYPE = YES_ERROR;
				GCC_WARN_UNDECLARED_SELECTOR = YES;
				GCC_WARN_UNINITIALIZED_AUTOS = YES_AGGRESSIVE;
				GCC_WARN_UNUSED_FUNCTION = YES;
				GCC_WARN_UNUSED_VARIABLE = YES;
				IPHONEOS_DEPLOYMENT_TARGET = 13.5;
				MTL_ENABLE_DEBUG_INFO = INCLUDE_SOURCE;
				MTL_FAST_MATH = YES;
				ONLY_ACTIVE_ARCH = YES;
				SDKROOT = iphoneos;
			};
			name = Debug;
		};
		E372C1D92564CA8D0059F908 /* Release */ = {
			isa = XCBuildConfiguration;
			buildSettings = {
				ALWAYS_SEARCH_USER_PATHS = NO;
				CLANG_ANALYZER_NONNULL = YES;
				CLANG_ANALYZER_NUMBER_OBJECT_CONVERSION = YES_AGGRESSIVE;
				CLANG_CXX_LANGUAGE_STANDARD = "gnu++14";
				CLANG_CXX_LIBRARY = "libc++";
				CLANG_ENABLE_MODULES = YES;
				CLANG_ENABLE_OBJC_ARC = YES;
				CLANG_ENABLE_OBJC_WEAK = YES;
				CLANG_WARN_BLOCK_CAPTURE_AUTORELEASING = YES;
				CLANG_WARN_BOOL_CONVERSION = YES;
				CLANG_WARN_COMMA = YES;
				CLANG_WARN_CONSTANT_CONVERSION = YES;
				CLANG_WARN_DEPRECATED_OBJC_IMPLEMENTATIONS = YES;
				CLANG_WARN_DIRECT_OBJC_ISA_USAGE = YES_ERROR;
				CLANG_WARN_DOCUMENTATION_COMMENTS = YES;
				CLANG_WARN_EMPTY_BODY = YES;
				CLANG_WARN_ENUM_CONVERSION = YES;
				CLANG_WARN_INFINITE_RECURSION = YES;
				CLANG_WARN_INT_CONVERSION = YES;
				CLANG_WARN_NON_LITERAL_NULL_CONVERSION = YES;
				CLANG_WARN_OBJC_IMPLICIT_RETAIN_SELF = YES;
				CLANG_WARN_OBJC_LITERAL_CONVERSION = YES;
				CLANG_WARN_OBJC_ROOT_CLASS = YES_ERROR;
				CLANG_WARN_RANGE_LOOP_ANALYSIS = YES;
				CLANG_WARN_STRICT_PROTOTYPES = YES;
				CLANG_WARN_SUSPICIOUS_MOVE = YES;
				CLANG_WARN_UNGUARDED_AVAILABILITY = YES_AGGRESSIVE;
				CLANG_WARN_UNREACHABLE_CODE = YES;
				CLANG_WARN__DUPLICATE_METHOD_MATCH = YES;
				COPY_PHASE_STRIP = NO;
				DEBUG_INFORMATION_FORMAT = "dwarf-with-dsym";
				ENABLE_NS_ASSERTIONS = NO;
				ENABLE_STRICT_OBJC_MSGSEND = YES;
				GCC_C_LANGUAGE_STANDARD = gnu11;
				GCC_NO_COMMON_BLOCKS = YES;
				GCC_WARN_64_TO_32_BIT_CONVERSION = YES;
				GCC_WARN_ABOUT_RETURN_TYPE = YES_ERROR;
				GCC_WARN_UNDECLARED_SELECTOR = YES;
				GCC_WARN_UNINITIALIZED_AUTOS = YES_AGGRESSIVE;
				GCC_WARN_UNUSED_FUNCTION = YES;
				GCC_WARN_UNUSED_VARIABLE = YES;
				IPHONEOS_DEPLOYMENT_TARGET = 13.5;
				MTL_ENABLE_DEBUG_INFO = NO;
				MTL_FAST_MATH = YES;
				SDKROOT = iphoneos;
				VALIDATE_PRODUCT = YES;
			};
			name = Release;
		};
		E372C1DB2564CA8D0059F908 /* Debug */ = {
			isa = XCBuildConfiguration;
			buildSettings = {
				ASSETCATALOG_COMPILER_APPICON_NAME = AppIcon;
				CODE_SIGN_STYLE = Automatic;
				DEVELOPMENT_TEAM = 4WG7PLUDH8;
				INFOPLIST_FILE = "视频播放/Info.plist";
				LD_RUNPATH_SEARCH_PATHS = (
					"$(inherited)",
					"@executable_path/Frameworks",
				);
				PRODUCT_BUNDLE_IDENTIFIER = "com.kpl.----";
				PRODUCT_NAME = "$(TARGET_NAME)";
				TARGETED_DEVICE_FAMILY = "1,2";
			};
			name = Debug;
		};
		E372C1DC2564CA8D0059F908 /* Release */ = {
			isa = XCBuildConfiguration;
			buildSettings = {
				ASSETCATALOG_COMPILER_APPICON_NAME = AppIcon;
				CODE_SIGN_STYLE = Automatic;
				DEVELOPMENT_TEAM = 4WG7PLUDH8;
				INFOPLIST_FILE = "视频播放/Info.plist";
				LD_RUNPATH_SEARCH_PATHS = (
					"$(inherited)",
					"@executable_path/Frameworks",
				);
				PRODUCT_BUNDLE_IDENTIFIER = "com.kpl.----";
				PRODUCT_NAME = "$(TARGET_NAME)";
				TARGETED_DEVICE_FAMILY = "1,2";
			};
			name = Release;
		};
		E372C1DE2564CA8D0059F908 /* Debug */ = {
			isa = XCBuildConfiguration;
			buildSettings = {
				BUNDLE_LOADER = "$(TEST_HOST)";
				CODE_SIGN_STYLE = Automatic;
				DEVELOPMENT_TEAM = 4WG7PLUDH8;
				INFOPLIST_FILE = "视频播放Tests/Info.plist";
				IPHONEOS_DEPLOYMENT_TARGET = 13.5;
				LD_RUNPATH_SEARCH_PATHS = (
					"$(inherited)",
					"@executable_path/Frameworks",
					"@loader_path/Frameworks",
				);
				PRODUCT_BUNDLE_IDENTIFIER = "com.kpl.----Tests";
				PRODUCT_NAME = "$(TARGET_NAME)";
				TARGETED_DEVICE_FAMILY = "1,2";
				TEST_HOST = "$(BUILT_PRODUCTS_DIR)/视频播放.app/视频播放";
			};
			name = Debug;
		};
		E372C1DF2564CA8D0059F908 /* Release */ = {
			isa = XCBuildConfiguration;
			buildSettings = {
				BUNDLE_LOADER = "$(TEST_HOST)";
				CODE_SIGN_STYLE = Automatic;
				DEVELOPMENT_TEAM = 4WG7PLUDH8;
				INFOPLIST_FILE = "视频播放Tests/Info.plist";
				IPHONEOS_DEPLOYMENT_TARGET = 13.5;
				LD_RUNPATH_SEARCH_PATHS = (
					"$(inherited)",
					"@executable_path/Frameworks",
					"@loader_path/Frameworks",
				);
				PRODUCT_BUNDLE_IDENTIFIER = "com.kpl.----Tests";
				PRODUCT_NAME = "$(TARGET_NAME)";
				TARGETED_DEVICE_FAMILY = "1,2";
				TEST_HOST = "$(BUILT_PRODUCTS_DIR)/视频播放.app/视频播放";
			};
			name = Release;
		};
		E372C1E12564CA8D0059F908 /* Debug */ = {
			isa = XCBuildConfiguration;
			buildSettings = {
				CODE_SIGN_STYLE = Automatic;
				DEVELOPMENT_TEAM = 4WG7PLUDH8;
				INFOPLIST_FILE = "视频播放UITests/Info.plist";
				LD_RUNPATH_SEARCH_PATHS = (
					"$(inherited)",
					"@executable_path/Frameworks",
					"@loader_path/Frameworks",
				);
				PRODUCT_BUNDLE_IDENTIFIER = "com.kpl.----UITests";
				PRODUCT_NAME = "$(TARGET_NAME)";
				TARGETED_DEVICE_FAMILY = "1,2";
				TEST_TARGET_NAME = "视频播放";
			};
			name = Debug;
		};
		E372C1E22564CA8D0059F908 /* Release */ = {
			isa = XCBuildConfiguration;
			buildSettings = {
				CODE_SIGN_STYLE = Automatic;
				DEVELOPMENT_TEAM = 4WG7PLUDH8;
				INFOPLIST_FILE = "视频播放UITests/Info.plist";
				LD_RUNPATH_SEARCH_PATHS = (
					"$(inherited)",
					"@executable_path/Frameworks",
					"@loader_path/Frameworks",
				);
				PRODUCT_BUNDLE_IDENTIFIER = "com.kpl.----UITests";
				PRODUCT_NAME = "$(TARGET_NAME)";
				TARGETED_DEVICE_FAMILY = "1,2";
				TEST_TARGET_NAME = "视频播放";
			};
			name = Release;
		};
/* End XCBuildConfiguration section */

/* Begin XCConfigurationList section */
		E372C1A62564CA8B0059F908 /* Build configuration list for PBXProject "视频播放" */ = {
			isa = XCConfigurationList;
			buildConfigurations = (
				E372C1D82564CA8D0059F908 /* Debug */,
				E372C1D92564CA8D0059F908 /* Release */,
			);
			defaultConfigurationIsVisible = 0;
			defaultConfigurationName = Release;
		};
		E372C1DA2564CA8D0059F908 /* Build configuration list for PBXNativeTarget "视频播放" */ = {
			isa = XCConfigurationList;
			buildConfigurations = (
				E372C1DB2564CA8D0059F908 /* Debug */,
				E372C1DC2564CA8D0059F908 /* Release */,
			);
			defaultConfigurationIsVisible = 0;
			defaultConfigurationName = Release;
		};
		E372C1DD2564CA8D0059F908 /* Build configuration list for PBXNativeTarget "视频播放Tests" */ = {
			isa = XCConfigurationList;
			buildConfigurations = (
				E372C1DE2564CA8D0059F908 /* Debug */,
				E372C1DF2564CA8D0059F908 /* Release */,
			);
			defaultConfigurationIsVisible = 0;
			defaultConfigurationName = Release;
		};
		E372C1E02564CA8D0059F908 /* Build configuration list for PBXNativeTarget "视频播放UITests" */ = {
			isa = XCConfigurationList;
			buildConfigurations = (
				E372C1E12564CA8D0059F908 /* Debug */,
				E372C1E22564CA8D0059F908 /* Release */,
			);
			defaultConfigurationIsVisible = 0;
			defaultConfigurationName = Release;
		};
/* End XCConfigurationList section */
	};
	rootObject = E372C1A32564CA8B0059F908 /* Project object */;
}
